// !$*UTF8*$!
{
	archiveVersion = 1;
	classes = {
	};
	objectVersion = 56;
	objects = {

/* Begin PBXBuildFile section */
		1873D5972CD0BB060041F016 /* FoodDeliveryApp.swift in Sources */ = {isa = PBXBuildFile; fileRef = 1873D5962CD0BB060041F016 /* FoodDeliveryApp.swift */; };
		1873D59B2CD0BB0C0041F016 /* Assets.xcassets in Resources */ = {isa = PBXBuildFile; fileRef = 1873D59A2CD0BB0C0041F016 /* Assets.xcassets */; };
		1873D59E2CD0BB0C0041F016 /* Preview Assets.xcassets in Resources */ = {isa = PBXBuildFile; fileRef = 1873D59D2CD0BB0C0041F016 /* Preview Assets.xcassets */; };
		1873D5AB2CD0BCC80041F016 /* Color+Extension.swift in Sources */ = {isa = PBXBuildFile; fileRef = 1873D5AA2CD0BCC80041F016 /* Color+Extension.swift */; };
		1873D5AD2CD0BCEB0041F016 /* ColorConstants.swift in Sources */ = {isa = PBXBuildFile; fileRef = 1873D5AC2CD0BCEB0041F016 /* ColorConstants.swift */; };
		1873D5AF2CD0BD200041F016 /* Image+Extension.swift in Sources */ = {isa = PBXBuildFile; fileRef = 1873D5AE2CD0BD200041F016 /* Image+Extension.swift */; };
		1873D5B12CD0BD370041F016 /* ImageConstants.swift in Sources */ = {isa = PBXBuildFile; fileRef = 1873D5B02CD0BD370041F016 /* ImageConstants.swift */; };
		1873D5B52CD0D94F0041F016 /* OnboaringView.swift in Sources */ = {isa = PBXBuildFile; fileRef = 1873D5B42CD0D94F0041F016 /* OnboaringView.swift */; };
		1873D5BB2CD0DA920041F016 /* OnboardingAssets .xcassets in Resources */ = {isa = PBXBuildFile; fileRef = 1873D5BA2CD0DA920041F016 /* OnboardingAssets .xcassets */; };
		1873D5C92CD0EA410041F016 /* FontConstants .swift in Sources */ = {isa = PBXBuildFile; fileRef = 1873D5C82CD0EA410041F016 /* FontConstants .swift */; };
		1873D5CB2CD0EB790041F016 /* Font+Extension.swift in Sources */ = {isa = PBXBuildFile; fileRef = 1873D5CA2CD0EB790041F016 /* Font+Extension.swift */; };
		1873D5F32CD0F0E30041F016 /* Inter-ExtraBold.ttf in Resources */ = {isa = PBXBuildFile; fileRef = 1873D5CF2CD0F0D70041F016 /* Inter-ExtraBold.ttf */; };
		1873D5FD2CD0F0E30041F016 /* Inter-Black.ttf in Resources */ = {isa = PBXBuildFile; fileRef = 1873D5D92CD0F0DC0041F016 /* Inter-Black.ttf */; };
		1873D5FF2CD0F0E30041F016 /* Inter-Bold.ttf in Resources */ = {isa = PBXBuildFile; fileRef = 1873D5DB2CD0F0DC0041F016 /* Inter-Bold.ttf */; };
		1873D6012CD0F0E30041F016 /* Inter-SemiBold.ttf in Resources */ = {isa = PBXBuildFile; fileRef = 1873D5DD2CD0F0DD0041F016 /* Inter-SemiBold.ttf */; };
		1873D6032CD0F0E30041F016 /* Inter-Thin.ttf in Resources */ = {isa = PBXBuildFile; fileRef = 1873D5DF2CD0F0DE0041F016 /* Inter-Thin.ttf */; };
		1873D6092CD0F0E30041F016 /* Inter-Regular.ttf in Resources */ = {isa = PBXBuildFile; fileRef = 1873D5E52CD0F0E10041F016 /* Inter-Regular.ttf */; };
		1873D60A2CD0F0E30041F016 /* Inter-Medium.ttf in Resources */ = {isa = PBXBuildFile; fileRef = 1873D5E62CD0F0E10041F016 /* Inter-Medium.ttf */; };
		1873D60B2CD0F0E30041F016 /* Inter-Light.ttf in Resources */ = {isa = PBXBuildFile; fileRef = 1873D5E72CD0F0E10041F016 /* Inter-Light.ttf */; };
		1873D6122CD0F0E30041F016 /* Inter-ExtraLight.ttf in Resources */ = {isa = PBXBuildFile; fileRef = 1873D5EE2CD0F0E20041F016 /* Inter-ExtraLight.ttf */; };
		188946772CD208C7001B5585 /* CustomPager.swift in Sources */ = {isa = PBXBuildFile; fileRef = 188946762CD208C7001B5585 /* CustomPager.swift */; };
		1889467B2CD2296C001B5585 /* OnboardingViewModel.swift in Sources */ = {isa = PBXBuildFile; fileRef = 1889467A2CD2296C001B5585 /* OnboardingViewModel.swift */; };
		188946822CD22E2B001B5585 /* LoginAccountView .swift in Sources */ = {isa = PBXBuildFile; fileRef = 188946812CD22E2B001B5585 /* LoginAccountView .swift */; };
		188946842CD23C94001B5585 /* LoginAssets .xcassets in Resources */ = {isa = PBXBuildFile; fileRef = 188946832CD23C94001B5585 /* LoginAssets .xcassets */; };
		188946872CD23FF8001B5585 /* CustomButton.swift in Sources */ = {isa = PBXBuildFile; fileRef = 188946862CD23FF8001B5585 /* CustomButton.swift */; };
		188946892CD24198001B5585 /* UIApplication+Extension .swift in Sources */ = {isa = PBXBuildFile; fileRef = 188946882CD24198001B5585 /* UIApplication+Extension .swift */; };
		1889468B2CD24DB8001B5585 /* CustomTextField.swift in Sources */ = {isa = PBXBuildFile; fileRef = 1889468A2CD24DB8001B5585 /* CustomTextField.swift */; };
		1889468D2CD25498001B5585 /* PasswordTextField.swift in Sources */ = {isa = PBXBuildFile; fileRef = 1889468C2CD25498001B5585 /* PasswordTextField.swift */; };
/* End PBXBuildFile section */

/* Begin PBXFileReference section */
		1873D5932CD0BB060041F016 /* FoodDelivery.app */ = {isa = PBXFileReference; explicitFileType = wrapper.application; includeInIndex = 0; path = FoodDelivery.app; sourceTree = BUILT_PRODUCTS_DIR; };
		1873D5962CD0BB060041F016 /* FoodDeliveryApp.swift */ = {isa = PBXFileReference; lastKnownFileType = sourcecode.swift; path = FoodDeliveryApp.swift; sourceTree = "<group>"; };
		1873D59A2CD0BB0C0041F016 /* Assets.xcassets */ = {isa = PBXFileReference; lastKnownFileType = folder.assetcatalog; path = Assets.xcassets; sourceTree = "<group>"; };
		1873D59D2CD0BB0C0041F016 /* Preview Assets.xcassets */ = {isa = PBXFileReference; lastKnownFileType = folder.assetcatalog; path = "Preview Assets.xcassets"; sourceTree = "<group>"; };
		1873D5AA2CD0BCC80041F016 /* Color+Extension.swift */ = {isa = PBXFileReference; lastKnownFileType = sourcecode.swift; path = "Color+Extension.swift"; sourceTree = "<group>"; };
		1873D5AC2CD0BCEB0041F016 /* ColorConstants.swift */ = {isa = PBXFileReference; lastKnownFileType = sourcecode.swift; path = ColorConstants.swift; sourceTree = "<group>"; };
		1873D5AE2CD0BD200041F016 /* Image+Extension.swift */ = {isa = PBXFileReference; lastKnownFileType = sourcecode.swift; path = "Image+Extension.swift"; sourceTree = "<group>"; };
		1873D5B02CD0BD370041F016 /* ImageConstants.swift */ = {isa = PBXFileReference; lastKnownFileType = sourcecode.swift; path = ImageConstants.swift; sourceTree = "<group>"; };
		1873D5B42CD0D94F0041F016 /* OnboaringView.swift */ = {isa = PBXFileReference; lastKnownFileType = sourcecode.swift; path = OnboaringView.swift; sourceTree = "<group>"; };
		1873D5BA2CD0DA920041F016 /* OnboardingAssets .xcassets */ = {isa = PBXFileReference; lastKnownFileType = folder.assetcatalog; path = "OnboardingAssets .xcassets"; sourceTree = "<group>"; };
		1873D5C82CD0EA410041F016 /* FontConstants .swift */ = {isa = PBXFileReference; lastKnownFileType = sourcecode.swift; path = "FontConstants .swift"; sourceTree = "<group>"; };
		1873D5CA2CD0EB790041F016 /* Font+Extension.swift */ = {isa = PBXFileReference; lastKnownFileType = sourcecode.swift; path = "Font+Extension.swift"; sourceTree = "<group>"; };
		1873D5CF2CD0F0D70041F016 /* Inter-ExtraBold.ttf */ = {isa = PBXFileReference; lastKnownFileType = file; path = "Inter-ExtraBold.ttf"; sourceTree = "<group>"; };
		1873D5D92CD0F0DC0041F016 /* Inter-Black.ttf */ = {isa = PBXFileReference; lastKnownFileType = file; path = "Inter-Black.ttf"; sourceTree = "<group>"; };
		1873D5DB2CD0F0DC0041F016 /* Inter-Bold.ttf */ = {isa = PBXFileReference; lastKnownFileType = file; path = "Inter-Bold.ttf"; sourceTree = "<group>"; };
		1873D5DD2CD0F0DD0041F016 /* Inter-SemiBold.ttf */ = {isa = PBXFileReference; lastKnownFileType = file; path = "Inter-SemiBold.ttf"; sourceTree = "<group>"; };
		1873D5DF2CD0F0DE0041F016 /* Inter-Thin.ttf */ = {isa = PBXFileReference; lastKnownFileType = file; path = "Inter-Thin.ttf"; sourceTree = "<group>"; };
		1873D5E52CD0F0E10041F016 /* Inter-Regular.ttf */ = {isa = PBXFileReference; lastKnownFileType = file; path = "Inter-Regular.ttf"; sourceTree = "<group>"; };
		1873D5E62CD0F0E10041F016 /* Inter-Medium.ttf */ = {isa = PBXFileReference; lastKnownFileType = file; path = "Inter-Medium.ttf"; sourceTree = "<group>"; };
		1873D5E72CD0F0E10041F016 /* Inter-Light.ttf */ = {isa = PBXFileReference; lastKnownFileType = file; path = "Inter-Light.ttf"; sourceTree = "<group>"; };
		1873D5EE2CD0F0E20041F016 /* Inter-ExtraLight.ttf */ = {isa = PBXFileReference; lastKnownFileType = file; path = "Inter-ExtraLight.ttf"; sourceTree = "<group>"; };
		188946762CD208C7001B5585 /* CustomPager.swift */ = {isa = PBXFileReference; lastKnownFileType = sourcecode.swift; path = CustomPager.swift; sourceTree = "<group>"; };
		1889467A2CD2296C001B5585 /* OnboardingViewModel.swift */ = {isa = PBXFileReference; lastKnownFileType = sourcecode.swift; path = OnboardingViewModel.swift; sourceTree = "<group>"; };
		188946812CD22E2B001B5585 /* LoginAccountView .swift */ = {isa = PBXFileReference; lastKnownFileType = sourcecode.swift; path = "LoginAccountView .swift"; sourceTree = "<group>"; };
		188946832CD23C94001B5585 /* LoginAssets .xcassets */ = {isa = PBXFileReference; lastKnownFileType = folder.assetcatalog; path = "LoginAssets .xcassets"; sourceTree = "<group>"; };
		188946862CD23FF8001B5585 /* CustomButton.swift */ = {isa = PBXFileReference; lastKnownFileType = sourcecode.swift; path = CustomButton.swift; sourceTree = "<group>"; };
		188946882CD24198001B5585 /* UIApplication+Extension .swift */ = {isa = PBXFileReference; lastKnownFileType = sourcecode.swift; path = "UIApplication+Extension .swift"; sourceTree = "<group>"; };
		1889468A2CD24DB8001B5585 /* CustomTextField.swift */ = {isa = PBXFileReference; lastKnownFileType = sourcecode.swift; path = CustomTextField.swift; sourceTree = "<group>"; };
		1889468C2CD25498001B5585 /* PasswordTextField.swift */ = {isa = PBXFileReference; lastKnownFileType = sourcecode.swift; path = PasswordTextField.swift; sourceTree = "<group>"; };
/* End PBXFileReference section */

/* Begin PBXFrameworksBuildPhase section */
		1873D5902CD0BB060041F016 /* Frameworks */ = {
			isa = PBXFrameworksBuildPhase;
			buildActionMask = 2147483647;
			files = (
			);
			runOnlyForDeploymentPostprocessing = 0;
		};
/* End PBXFrameworksBuildPhase section */

/* Begin PBXGroup section */
		1873D58A2CD0BB060041F016 = {
			isa = PBXGroup;
			children = (
				1873D5952CD0BB060041F016 /* FoodDelivery */,
				1873D5942CD0BB060041F016 /* Products */,
			);
			sourceTree = "<group>";
		};
		1873D5942CD0BB060041F016 /* Products */ = {
			isa = PBXGroup;
			children = (
				1873D5932CD0BB060041F016 /* FoodDelivery.app */,
			);
			name = Products;
			sourceTree = "<group>";
		};
		1873D5952CD0BB060041F016 /* FoodDelivery */ = {
			isa = PBXGroup;
			children = (
				1873D5A42CD0BC100041F016 /* Application */,
				1873D5A52CD0BC1F0041F016 /* Support */,
				1873D5B32CD0D93E0041F016 /* modules  */,
				1873D5A72CD0BC360041F016 /* Resources  */,
				1873D59C2CD0BB0C0041F016 /* Preview Content */,
			);
			path = FoodDelivery;
			sourceTree = "<group>";
		};
		1873D59C2CD0BB0C0041F016 /* Preview Content */ = {
			isa = PBXGroup;
			children = (
				1873D59D2CD0BB0C0041F016 /* Preview Assets.xcassets */,
			);
			path = "Preview Content";
			sourceTree = "<group>";
		};
		1873D5A42CD0BC100041F016 /* Application */ = {
			isa = PBXGroup;
			children = (
				1873D5962CD0BB060041F016 /* FoodDeliveryApp.swift */,
			);
			path = Application;
			sourceTree = "<group>";
		};
		1873D5A52CD0BC1F0041F016 /* Support */ = {
			isa = PBXGroup;
			children = (
				1873D5A82CD0BCB10041F016 /* Constants  */,
				1873D5A92CD0BCBA0041F016 /* Extensions  */,
				188946852CD23FDD001B5585 /* CustomItems  */,
			);
			path = Support;
			sourceTree = "<group>";
		};
		1873D5A72CD0BC360041F016 /* Resources  */ = {
			isa = PBXGroup;
			children = (
				1873D5BF2CD0E91E0041F016 /* Fonts  */,
				1873D59A2CD0BB0C0041F016 /* Assets.xcassets */,
			);
			path = "Resources ";
			sourceTree = "<group>";
		};
		1873D5A82CD0BCB10041F016 /* Constants  */ = {
			isa = PBXGroup;
			children = (
				1873D5AC2CD0BCEB0041F016 /* ColorConstants.swift */,
				1873D5B02CD0BD370041F016 /* ImageConstants.swift */,
				1873D5C82CD0EA410041F016 /* FontConstants .swift */,
			);
			path = "Constants ";
			sourceTree = "<group>";
		};
		1873D5A92CD0BCBA0041F016 /* Extensions  */ = {
			isa = PBXGroup;
			children = (
				1873D5AA2CD0BCC80041F016 /* Color+Extension.swift */,
				1873D5AE2CD0BD200041F016 /* Image+Extension.swift */,
				1873D5CA2CD0EB790041F016 /* Font+Extension.swift */,
				188946882CD24198001B5585 /* UIApplication+Extension .swift */,
			);
			path = "Extensions ";
			sourceTree = "<group>";
		};
		1873D5B32CD0D93E0041F016 /* modules  */ = {
			isa = PBXGroup;
			children = (
				1873D5B62CD0DA570041F016 /* Onboarding */,
				1889467C2CD22DC1001B5585 /* Login */,
			);
			path = "modules ";
			sourceTree = "<group>";
		};
		1873D5B62CD0DA570041F016 /* Onboarding */ = {
			isa = PBXGroup;
			children = (
				1873D5B92CD0DA700041F016 /* Resources  */,
				1873D5B82CD0DA670041F016 /* ViewModel */,
				1873D5B72CD0DA620041F016 /* View */,
			);
			path = Onboarding;
			sourceTree = "<group>";
		};
		1873D5B72CD0DA620041F016 /* View */ = {
			isa = PBXGroup;
			children = (
				1873D5B42CD0D94F0041F016 /* OnboaringView.swift */,
				188946762CD208C7001B5585 /* CustomPager.swift */,
			);
			path = View;
			sourceTree = "<group>";
		};
		1873D5B82CD0DA670041F016 /* ViewModel */ = {
			isa = PBXGroup;
			children = (
				1889467A2CD2296C001B5585 /* OnboardingViewModel.swift */,
			);
			path = ViewModel;
			sourceTree = "<group>";
		};
		1873D5B92CD0DA700041F016 /* Resources  */ = {
			isa = PBXGroup;
			children = (
				1873D5BA2CD0DA920041F016 /* OnboardingAssets .xcassets */,
			);
			path = "Resources ";
			sourceTree = "<group>";
		};
		1873D5BF2CD0E91E0041F016 /* Fonts  */ = {
			isa = PBXGroup;
			children = (
				1873D5D92CD0F0DC0041F016 /* Inter-Black.ttf */,
				1873D5DB2CD0F0DC0041F016 /* Inter-Bold.ttf */,
				1873D5CF2CD0F0D70041F016 /* Inter-ExtraBold.ttf */,
				1873D5EE2CD0F0E20041F016 /* Inter-ExtraLight.ttf */,
				1873D5E72CD0F0E10041F016 /* Inter-Light.ttf */,
				1873D5E62CD0F0E10041F016 /* Inter-Medium.ttf */,
				1873D5E52CD0F0E10041F016 /* Inter-Regular.ttf */,
				1873D5DD2CD0F0DD0041F016 /* Inter-SemiBold.ttf */,
				1873D5DF2CD0F0DE0041F016 /* Inter-Thin.ttf */,
			);
			path = "Fonts ";
			sourceTree = "<group>";
		};
		1889467C2CD22DC1001B5585 /* Login */ = {
			isa = PBXGroup;
			children = (
				188946832CD23C94001B5585 /* LoginAssets .xcassets */,
				1889467D2CD22DD6001B5585 /* LoginAccount */,
				188946802CD22DFF001B5585 /* CreateAccount */,
			);
			path = Login;
			sourceTree = "<group>";
		};
		1889467D2CD22DD6001B5585 /* LoginAccount */ = {
			isa = PBXGroup;
			children = (
				1889467E2CD22DE7001B5585 /* View */,
				1889467F2CD22DEF001B5585 /* ViewModel */,
			);
			path = LoginAccount;
			sourceTree = "<group>";
		};
		1889467E2CD22DE7001B5585 /* View */ = {
			isa = PBXGroup;
			children = (
				188946812CD22E2B001B5585 /* LoginAccountView .swift */,
			);
			path = View;
			sourceTree = "<group>";
		};
		1889467F2CD22DEF001B5585 /* ViewModel */ = {
			isa = PBXGroup;
			children = (
			);
			path = ViewModel;
			sourceTree = "<group>";
		};
		188946802CD22DFF001B5585 /* CreateAccount */ = {
			isa = PBXGroup;
			children = (
			);
			path = CreateAccount;
			sourceTree = "<group>";
		};
		188946852CD23FDD001B5585 /* CustomItems  */ = {
			isa = PBXGroup;
			children = (
				188946862CD23FF8001B5585 /* CustomButton.swift */,
				1889468A2CD24DB8001B5585 /* CustomTextField.swift */,
				1889468C2CD25498001B5585 /* PasswordTextField.swift */,
			);
			path = "CustomItems ";
			sourceTree = "<group>";
		};
/* End PBXGroup section */

/* Begin PBXNativeTarget section */
		1873D5922CD0BB060041F016 /* FoodDelivery */ = {
			isa = PBXNativeTarget;
			buildConfigurationList = 1873D5A12CD0BB0C0041F016 /* Build configuration list for PBXNativeTarget "FoodDelivery" */;
			buildPhases = (
				1873D58F2CD0BB060041F016 /* Sources */,
				1873D5902CD0BB060041F016 /* Frameworks */,
				1873D5912CD0BB060041F016 /* Resources */,
			);
			buildRules = (
			);
			dependencies = (
			);
			name = FoodDelivery;
			productName = FoodDelivery;
			productReference = 1873D5932CD0BB060041F016 /* FoodDelivery.app */;
			productType = "com.apple.product-type.application";
		};
/* End PBXNativeTarget section */

/* Begin PBXProject section */
		1873D58B2CD0BB060041F016 /* Project object */ = {
			isa = PBXProject;
			attributes = {
				BuildIndependentTargetsInParallel = 1;
				LastSwiftUpdateCheck = 1420;
				LastUpgradeCheck = 1420;
				TargetAttributes = {
					1873D5922CD0BB060041F016 = {
						CreatedOnToolsVersion = 14.2;
					};
				};
			};
			buildConfigurationList = 1873D58E2CD0BB060041F016 /* Build configuration list for PBXProject "FoodDelivery" */;
			compatibilityVersion = "Xcode 14.0";
			developmentRegion = en;
			hasScannedForEncodings = 0;
			knownRegions = (
				en,
				Base,
			);
			mainGroup = 1873D58A2CD0BB060041F016;
			productRefGroup = 1873D5942CD0BB060041F016 /* Products */;
			projectDirPath = "";
			projectRoot = "";
			targets = (
				1873D5922CD0BB060041F016 /* FoodDelivery */,
			);
		};
/* End PBXProject section */

/* Begin PBXResourcesBuildPhase section */
		1873D5912CD0BB060041F016 /* Resources */ = {
			isa = PBXResourcesBuildPhase;
			buildActionMask = 2147483647;
			files = (
				1873D59E2CD0BB0C0041F016 /* Preview Assets.xcassets in Resources */,
				1873D60B2CD0F0E30041F016 /* Inter-Light.ttf in Resources */,
				1873D5FD2CD0F0E30041F016 /* Inter-Black.ttf in Resources */,
				1873D6012CD0F0E30041F016 /* Inter-SemiBold.ttf in Resources */,
				1873D60A2CD0F0E30041F016 /* Inter-Medium.ttf in Resources */,
				1873D5BB2CD0DA920041F016 /* OnboardingAssets .xcassets in Resources */,
				1873D6092CD0F0E30041F016 /* Inter-Regular.ttf in Resources */,
				188946842CD23C94001B5585 /* LoginAssets .xcassets in Resources */,
				1873D5F32CD0F0E30041F016 /* Inter-ExtraBold.ttf in Resources */,
				1873D5FF2CD0F0E30041F016 /* Inter-Bold.ttf in Resources */,
				1873D59B2CD0BB0C0041F016 /* Assets.xcassets in Resources */,
				1873D6032CD0F0E30041F016 /* Inter-Thin.ttf in Resources */,
				1873D6122CD0F0E30041F016 /* Inter-ExtraLight.ttf in Resources */,
			);
			runOnlyForDeploymentPostprocessing = 0;
		};
/* End PBXResourcesBuildPhase section */

/* Begin PBXSourcesBuildPhase section */
		1873D58F2CD0BB060041F016 /* Sources */ = {
			isa = PBXSourcesBuildPhase;
			buildActionMask = 2147483647;
			files = (
				1889468B2CD24DB8001B5585 /* CustomTextField.swift in Sources */,
				1873D5AF2CD0BD200041F016 /* Image+Extension.swift in Sources */,
				188946892CD24198001B5585 /* UIApplication+Extension .swift in Sources */,
				1873D5B12CD0BD370041F016 /* ImageConstants.swift in Sources */,
				188946822CD22E2B001B5585 /* LoginAccountView .swift in Sources */,
				1889468D2CD25498001B5585 /* PasswordTextField.swift in Sources */,
				1873D5B52CD0D94F0041F016 /* OnboaringView.swift in Sources */,
				1873D5C92CD0EA410041F016 /* FontConstants .swift in Sources */,
				188946772CD208C7001B5585 /* CustomPager.swift in Sources */,
				1889467B2CD2296C001B5585 /* OnboardingViewModel.swift in Sources */,
				1873D5AB2CD0BCC80041F016 /* Color+Extension.swift in Sources */,
				188946872CD23FF8001B5585 /* CustomButton.swift in Sources */,
				1873D5972CD0BB060041F016 /* FoodDeliveryApp.swift in Sources */,
				1873D5CB2CD0EB790041F016 /* Font+Extension.swift in Sources */,
				1873D5AD2CD0BCEB0041F016 /* ColorConstants.swift in Sources */,
			);
			runOnlyForDeploymentPostprocessing = 0;
		};
/* End PBXSourcesBuildPhase section */

/* Begin XCBuildConfiguration section */
		1873D59F2CD0BB0C0041F016 /* Debug */ = {
			isa = XCBuildConfiguration;
			buildSettings = {
				ALWAYS_SEARCH_USER_PATHS = NO;
				CLANG_ANALYZER_NONNULL = YES;
				CLANG_ANALYZER_NUMBER_OBJECT_CONVERSION = YES_AGGRESSIVE;
				CLANG_CXX_LANGUAGE_STANDARD = "gnu++20";
				CLANG_ENABLE_MODULES = YES;
				CLANG_ENABLE_OBJC_ARC = YES;
				CLANG_ENABLE_OBJC_WEAK = YES;
				CLANG_WARN_BLOCK_CAPTURE_AUTORELEASING = YES;
				CLANG_WARN_BOOL_CONVERSION = YES;
				CLANG_WARN_COMMA = YES;
				CLANG_WARN_CONSTANT_CONVERSION = YES;
				CLANG_WARN_DEPRECATED_OBJC_IMPLEMENTATIONS = YES;
				CLANG_WARN_DIRECT_OBJC_ISA_USAGE = YES_ERROR;
				CLANG_WARN_DOCUMENTATION_COMMENTS = YES;
				CLANG_WARN_EMPTY_BODY = YES;
				CLANG_WARN_ENUM_CONVERSION = YES;
				CLANG_WARN_INFINITE_RECURSION = YES;
				CLANG_WARN_INT_CONVERSION = YES;
				CLANG_WARN_NON_LITERAL_NULL_CONVERSION = YES;
				CLANG_WARN_OBJC_IMPLICIT_RETAIN_SELF = YES;
				CLANG_WARN_OBJC_LITERAL_CONVERSION = YES;
				CLANG_WARN_OBJC_ROOT_CLASS = YES_ERROR;
				CLANG_WARN_QUOTED_INCLUDE_IN_FRAMEWORK_HEADER = YES;
				CLANG_WARN_RANGE_LOOP_ANALYSIS = YES;
				CLANG_WARN_STRICT_PROTOTYPES = YES;
				CLANG_WARN_SUSPICIOUS_MOVE = YES;
				CLANG_WARN_UNGUARDED_AVAILABILITY = YES_AGGRESSIVE;
				CLANG_WARN_UNREACHABLE_CODE = YES;
				CLANG_WARN__DUPLICATE_METHOD_MATCH = YES;
				COPY_PHASE_STRIP = NO;
				DEBUG_INFORMATION_FORMAT = dwarf;
				ENABLE_STRICT_OBJC_MSGSEND = YES;
				ENABLE_TESTABILITY = YES;
				GCC_C_LANGUAGE_STANDARD = gnu11;
				GCC_DYNAMIC_NO_PIC = NO;
				GCC_NO_COMMON_BLOCKS = YES;
				GCC_OPTIMIZATION_LEVEL = 0;
				GCC_PREPROCESSOR_DEFINITIONS = (
					"DEBUG=1",
					"$(inherited)",
				);
				GCC_WARN_64_TO_32_BIT_CONVERSION = YES;
				GCC_WARN_ABOUT_RETURN_TYPE = YES_ERROR;
				GCC_WARN_UNDECLARED_SELECTOR = YES;
				GCC_WARN_UNINITIALIZED_AUTOS = YES_AGGRESSIVE;
				GCC_WARN_UNUSED_FUNCTION = YES;
				GCC_WARN_UNUSED_VARIABLE = YES;
				IPHONEOS_DEPLOYMENT_TARGET = 16.2;
				MTL_ENABLE_DEBUG_INFO = INCLUDE_SOURCE;
				MTL_FAST_MATH = YES;
				ONLY_ACTIVE_ARCH = YES;
				SDKROOT = iphoneos;
				SWIFT_ACTIVE_COMPILATION_CONDITIONS = DEBUG;
				SWIFT_OPTIMIZATION_LEVEL = "-Onone";
			};
			name = Debug;
		};
		1873D5A02CD0BB0C0041F016 /* Release */ = {
			isa = XCBuildConfiguration;
			buildSettings = {
				ALWAYS_SEARCH_USER_PATHS = NO;
				CLANG_ANALYZER_NONNULL = YES;
				CLANG_ANALYZER_NUMBER_OBJECT_CONVERSION = YES_AGGRESSIVE;
				CLANG_CXX_LANGUAGE_STANDARD = "gnu++20";
				CLANG_ENABLE_MODULES = YES;
				CLANG_ENABLE_OBJC_ARC = YES;
				CLANG_ENABLE_OBJC_WEAK = YES;
				CLANG_WARN_BLOCK_CAPTURE_AUTORELEASING = YES;
				CLANG_WARN_BOOL_CONVERSION = YES;
				CLANG_WARN_COMMA = YES;
				CLANG_WARN_CONSTANT_CONVERSION = YES;
				CLANG_WARN_DEPRECATED_OBJC_IMPLEMENTATIONS = YES;
				CLANG_WARN_DIRECT_OBJC_ISA_USAGE = YES_ERROR;
				CLANG_WARN_DOCUMENTATION_COMMENTS = YES;
				CLANG_WARN_EMPTY_BODY = YES;
				CLANG_WARN_ENUM_CONVERSION = YES;
				CLANG_WARN_INFINITE_RECURSION = YES;
				CLANG_WARN_INT_CONVERSION = YES;
				CLANG_WARN_NON_LITERAL_NULL_CONVERSION = YES;
				CLANG_WARN_OBJC_IMPLICIT_RETAIN_SELF = YES;
				CLANG_WARN_OBJC_LITERAL_CONVERSION = YES;
				CLANG_WARN_OBJC_ROOT_CLASS = YES_ERROR;
				CLANG_WARN_QUOTED_INCLUDE_IN_FRAMEWORK_HEADER = YES;
				CLANG_WARN_RANGE_LOOP_ANALYSIS = YES;
				CLANG_WARN_STRICT_PROTOTYPES = YES;
				CLANG_WARN_SUSPICIOUS_MOVE = YES;
				CLANG_WARN_UNGUARDED_AVAILABILITY = YES_AGGRESSIVE;
				CLANG_WARN_UNREACHABLE_CODE = YES;
				CLANG_WARN__DUPLICATE_METHOD_MATCH = YES;
				COPY_PHASE_STRIP = NO;
				DEBUG_INFORMATION_FORMAT = "dwarf-with-dsym";
				ENABLE_NS_ASSERTIONS = NO;
				ENABLE_STRICT_OBJC_MSGSEND = YES;
				GCC_C_LANGUAGE_STANDARD = gnu11;
				GCC_NO_COMMON_BLOCKS = YES;
				GCC_WARN_64_TO_32_BIT_CONVERSION = YES;
				GCC_WARN_ABOUT_RETURN_TYPE = YES_ERROR;
				GCC_WARN_UNDECLARED_SELECTOR = YES;
				GCC_WARN_UNINITIALIZED_AUTOS = YES_AGGRESSIVE;
				GCC_WARN_UNUSED_FUNCTION = YES;
				GCC_WARN_UNUSED_VARIABLE = YES;
				IPHONEOS_DEPLOYMENT_TARGET = 16.2;
				MTL_ENABLE_DEBUG_INFO = NO;
				MTL_FAST_MATH = YES;
				SDKROOT = iphoneos;
				SWIFT_COMPILATION_MODE = wholemodule;
				SWIFT_OPTIMIZATION_LEVEL = "-O";
				VALIDATE_PRODUCT = YES;
			};
			name = Release;
		};
		1873D5A22CD0BB0C0041F016 /* Debug */ = {
			isa = XCBuildConfiguration;
			buildSettings = {
				ASSETCATALOG_COMPILER_APPICON_NAME = AppIcon;
				ASSETCATALOG_COMPILER_GLOBAL_ACCENT_COLOR_NAME = AccentColor;
				CODE_SIGN_STYLE = Automatic;
				CURRENT_PROJECT_VERSION = 1;
				DEVELOPMENT_ASSET_PATHS = "\"FoodDelivery/Preview Content\"";
				ENABLE_PREVIEWS = YES;
				GENERATE_INFOPLIST_FILE = YES;
				INFOPLIST_FILE = FoodDelivery/Info.plist;
				INFOPLIST_KEY_UIApplicationSceneManifest_Generation = YES;
				INFOPLIST_KEY_UIApplicationSupportsIndirectInputEvents = YES;
				INFOPLIST_KEY_UILaunchScreen_Generation = YES;
				INFOPLIST_KEY_UISupportedInterfaceOrientations_iPad = "UIInterfaceOrientationPortrait UIInterfaceOrientationPortraitUpsideDown UIInterfaceOrientationLandscapeLeft UIInterfaceOrientationLandscapeRight";
				INFOPLIST_KEY_UISupportedInterfaceOrientations_iPhone = "UIInterfaceOrientationPortrait UIInterfaceOrientationLandscapeLeft UIInterfaceOrientationLandscapeRight";
				LD_RUNPATH_SEARCH_PATHS = (
					"$(inherited)",
					"@executable_path/Frameworks",
				);
				MARKETING_VERSION = 1.0;
				PRODUCT_BUNDLE_IDENTIFIER = Vivek.FoodDelivery;
				PRODUCT_NAME = "$(TARGET_NAME)";
				SWIFT_EMIT_LOC_STRINGS = YES;
				SWIFT_VERSION = 5.0;
				TARGETED_DEVICE_FAMILY = "1,2";
			};
			name = Debug;
		};
		1873D5A32CD0BB0C0041F016 /* Release */ = {
			isa = XCBuildConfiguration;
			buildSettings = {
				ASSETCATALOG_COMPILER_APPICON_NAME = AppIcon;
				ASSETCATALOG_COMPILER_GLOBAL_ACCENT_COLOR_NAME = AccentColor;
				CODE_SIGN_STYLE = Automatic;
				CURRENT_PROJECT_VERSION = 1;
				DEVELOPMENT_ASSET_PATHS = "\"FoodDelivery/Preview Content\"";
				ENABLE_PREVIEWS = YES;
				GENERATE_INFOPLIST_FILE = YES;
				INFOPLIST_FILE = FoodDelivery/Info.plist;
				INFOPLIST_KEY_UIApplicationSceneManifest_Generation = YES;
				INFOPLIST_KEY_UIApplicationSupportsIndirectInputEvents = YES;
				INFOPLIST_KEY_UILaunchScreen_Generation = YES;
				INFOPLIST_KEY_UISupportedInterfaceOrientations_iPad = "UIInterfaceOrientationPortrait UIInterfaceOrientationPortraitUpsideDown UIInterfaceOrientationLandscapeLeft UIInterfaceOrientationLandscapeRight";
				INFOPLIST_KEY_UISupportedInterfaceOrientations_iPhone = "UIInterfaceOrientationPortrait UIInterfaceOrientationLandscapeLeft UIInterfaceOrientationLandscapeRight";
				LD_RUNPATH_SEARCH_PATHS = (
					"$(inherited)",
					"@executable_path/Frameworks",
				);
				MARKETING_VERSION = 1.0;
				PRODUCT_BUNDLE_IDENTIFIER = Vivek.FoodDelivery;
				PRODUCT_NAME = "$(TARGET_NAME)";
				SWIFT_EMIT_LOC_STRINGS = YES;
				SWIFT_VERSION = 5.0;
				TARGETED_DEVICE_FAMILY = "1,2";
			};
			name = Release;
		};
/* End XCBuildConfiguration section */

/* Begin XCConfigurationList section */
		1873D58E2CD0BB060041F016 /* Build configuration list for PBXProject "FoodDelivery" */ = {
			isa = XCConfigurationList;
			buildConfigurations = (
				1873D59F2CD0BB0C0041F016 /* Debug */,
				1873D5A02CD0BB0C0041F016 /* Release */,
			);
			defaultConfigurationIsVisible = 0;
			defaultConfigurationName = Release;
		};
		1873D5A12CD0BB0C0041F016 /* Build configuration list for PBXNativeTarget "FoodDelivery" */ = {
			isa = XCConfigurationList;
			buildConfigurations = (
				1873D5A22CD0BB0C0041F016 /* Debug */,
				1873D5A32CD0BB0C0041F016 /* Release */,
			);
			defaultConfigurationIsVisible = 0;
			defaultConfigurationName = Release;
		};
/* End XCConfigurationList section */
	};
	rootObject = 1873D58B2CD0BB060041F016 /* Project object */;
}
