// !$*UTF8*$!
{
	archiveVersion = 1;
	classes = {
	};
	objectVersion = 56;
	objects = {

/* Begin PBXBuildFile section */
		186ED1042CE1FDC800645A5C /* ImagePickerView.swift in Sources */ = {isa = PBXBuildFile; fileRef = 186ED1032CE1FDC800645A5C /* ImagePickerView.swift */; };
		186ED1092CE207AF00645A5C /* ImagePickerButton.swift in Sources */ = {isa = PBXBuildFile; fileRef = 186ED1082CE207AF00645A5C /* ImagePickerButton.swift */; };
		186ED10B2CE2104900645A5C /* ProfileImageAndSelectionButton.swift in Sources */ = {isa = PBXBuildFile; fileRef = 186ED10A2CE2104900645A5C /* ProfileImageAndSelectionButton.swift */; };
		186ED10F2CE21FF500645A5C /* SettingView.swift in Sources */ = {isa = PBXBuildFile; fileRef = 186ED10E2CE21FF500645A5C /* SettingView.swift */; };
		186ED1112CE2292100645A5C /* SelectLanguageView.swift in Sources */ = {isa = PBXBuildFile; fileRef = 186ED1102CE2292100645A5C /* SelectLanguageView.swift */; };
		186ED1132CE2295400645A5C /* PersonalDataViewModel.swift in Sources */ = {isa = PBXBuildFile; fileRef = 186ED1122CE2295400645A5C /* PersonalDataViewModel.swift */; };
		186ED1152CE22A3D00645A5C /* SettingDataViewModel.swift in Sources */ = {isa = PBXBuildFile; fileRef = 186ED1142CE22A3D00645A5C /* SettingDataViewModel.swift */; };
		186ED1172CE232D600645A5C /* SelectLanguageCell.swift in Sources */ = {isa = PBXBuildFile; fileRef = 186ED1162CE232D600645A5C /* SelectLanguageCell.swift */; };
		186ED1192CE233CF00645A5C /* LanguageModel.swift in Sources */ = {isa = PBXBuildFile; fileRef = 186ED1182CE233CF00645A5C /* LanguageModel.swift */; };
		186ED11B2CE23B0C00645A5C /* HelperCenterView.swift in Sources */ = {isa = PBXBuildFile; fileRef = 186ED11A2CE23B0C00645A5C /* HelperCenterView.swift */; };
		186ED11D2CE23D2400645A5C /* HelpCenterViewModel.swift in Sources */ = {isa = PBXBuildFile; fileRef = 186ED11C2CE23D2300645A5C /* HelpCenterViewModel.swift */; };
		186ED11F2CE23E0D00645A5C /* HelpCenterModel.swift in Sources */ = {isa = PBXBuildFile; fileRef = 186ED11E2CE23E0D00645A5C /* HelpCenterModel.swift */; };
		186F893B2CD3464F008DFB42 /* ForgotPasswordView.swift in Sources */ = {isa = PBXBuildFile; fileRef = 186F893A2CD3464F008DFB42 /* ForgotPasswordView.swift */; };
		186F893D2CD34889008DFB42 /* ForgotPasswordViewModel.swift in Sources */ = {isa = PBXBuildFile; fileRef = 186F893C2CD34889008DFB42 /* ForgotPasswordViewModel.swift */; };
		186F893F2CD34B59008DFB42 /* ForgotPasswordBottomSheetView.swift in Sources */ = {isa = PBXBuildFile; fileRef = 186F893E2CD34B59008DFB42 /* ForgotPasswordBottomSheetView.swift */; };
		186F89422CD3599A008DFB42 /* ForgotPasswordModel.swift in Sources */ = {isa = PBXBuildFile; fileRef = 186F89412CD3599A008DFB42 /* ForgotPasswordModel.swift */; };
		186F89442CD3634A008DFB42 /* NavigationButton.swift in Sources */ = {isa = PBXBuildFile; fileRef = 186F89432CD3634A008DFB42 /* NavigationButton.swift */; };
		186F89462CD382DE008DFB42 /* EmailVerificationView.swift in Sources */ = {isa = PBXBuildFile; fileRef = 186F89452CD382DE008DFB42 /* EmailVerificationView.swift */; };
		186F89482CD38340008DFB42 /* EmailVerificationViewModel.swift in Sources */ = {isa = PBXBuildFile; fileRef = 186F89472CD38340008DFB42 /* EmailVerificationViewModel.swift */; };
		1873D5972CD0BB060041F016 /* FoodDeliveryApp.swift in Sources */ = {isa = PBXBuildFile; fileRef = 1873D5962CD0BB060041F016 /* FoodDeliveryApp.swift */; };
		1873D59B2CD0BB0C0041F016 /* Assets.xcassets in Resources */ = {isa = PBXBuildFile; fileRef = 1873D59A2CD0BB0C0041F016 /* Assets.xcassets */; };
		1873D59E2CD0BB0C0041F016 /* Preview Assets.xcassets in Resources */ = {isa = PBXBuildFile; fileRef = 1873D59D2CD0BB0C0041F016 /* Preview Assets.xcassets */; };
		1873D5AB2CD0BCC80041F016 /* Color+Extension.swift in Sources */ = {isa = PBXBuildFile; fileRef = 1873D5AA2CD0BCC80041F016 /* Color+Extension.swift */; };
		1873D5AD2CD0BCEB0041F016 /* ColorConstants.swift in Sources */ = {isa = PBXBuildFile; fileRef = 1873D5AC2CD0BCEB0041F016 /* ColorConstants.swift */; };
		1873D5AF2CD0BD200041F016 /* Image+Extension.swift in Sources */ = {isa = PBXBuildFile; fileRef = 1873D5AE2CD0BD200041F016 /* Image+Extension.swift */; };
		1873D5B12CD0BD370041F016 /* ImageConstants.swift in Sources */ = {isa = PBXBuildFile; fileRef = 1873D5B02CD0BD370041F016 /* ImageConstants.swift */; };
		1873D5B52CD0D94F0041F016 /* OnboardingView.swift in Sources */ = {isa = PBXBuildFile; fileRef = 1873D5B42CD0D94F0041F016 /* OnboardingView.swift */; };
		1873D5BB2CD0DA920041F016 /* OnboardingAssets .xcassets in Resources */ = {isa = PBXBuildFile; fileRef = 1873D5BA2CD0DA920041F016 /* OnboardingAssets .xcassets */; };
		1873D5C92CD0EA410041F016 /* FontConstants .swift in Sources */ = {isa = PBXBuildFile; fileRef = 1873D5C82CD0EA410041F016 /* FontConstants .swift */; };
		1873D5CB2CD0EB790041F016 /* Font+Extension.swift in Sources */ = {isa = PBXBuildFile; fileRef = 1873D5CA2CD0EB790041F016 /* Font+Extension.swift */; };
		1873D5F32CD0F0E30041F016 /* Inter-ExtraBold.ttf in Resources */ = {isa = PBXBuildFile; fileRef = 1873D5CF2CD0F0D70041F016 /* Inter-ExtraBold.ttf */; };
		1873D5FD2CD0F0E30041F016 /* Inter-Black.ttf in Resources */ = {isa = PBXBuildFile; fileRef = 1873D5D92CD0F0DC0041F016 /* Inter-Black.ttf */; };
		1873D5FF2CD0F0E30041F016 /* Inter-Bold.ttf in Resources */ = {isa = PBXBuildFile; fileRef = 1873D5DB2CD0F0DC0041F016 /* Inter-Bold.ttf */; };
		1873D6012CD0F0E30041F016 /* Inter-SemiBold.ttf in Resources */ = {isa = PBXBuildFile; fileRef = 1873D5DD2CD0F0DD0041F016 /* Inter-SemiBold.ttf */; };
		1873D6032CD0F0E30041F016 /* Inter-Thin.ttf in Resources */ = {isa = PBXBuildFile; fileRef = 1873D5DF2CD0F0DE0041F016 /* Inter-Thin.ttf */; };
		1873D6092CD0F0E30041F016 /* Inter-Regular.ttf in Resources */ = {isa = PBXBuildFile; fileRef = 1873D5E52CD0F0E10041F016 /* Inter-Regular.ttf */; };
		1873D60A2CD0F0E30041F016 /* Inter-Medium.ttf in Resources */ = {isa = PBXBuildFile; fileRef = 1873D5E62CD0F0E10041F016 /* Inter-Medium.ttf */; };
		1873D60B2CD0F0E30041F016 /* Inter-Light.ttf in Resources */ = {isa = PBXBuildFile; fileRef = 1873D5E72CD0F0E10041F016 /* Inter-Light.ttf */; };
		1873D6122CD0F0E30041F016 /* Inter-ExtraLight.ttf in Resources */ = {isa = PBXBuildFile; fileRef = 1873D5EE2CD0F0E20041F016 /* Inter-ExtraLight.ttf */; };
		1875FEE62CDA217B002685AB /* ResetPasswordView.swift in Sources */ = {isa = PBXBuildFile; fileRef = 1875FEE52CDA217B002685AB /* ResetPasswordView.swift */; };
		1875FEE82CDA2457002685AB /* ResetPasswordViewViewModel.swift in Sources */ = {isa = PBXBuildFile; fileRef = 1875FEE72CDA2457002685AB /* ResetPasswordViewViewModel.swift */; };
		1875FEEA2CDA28DA002685AB /* PasswordChangedBottomSheetView.swift in Sources */ = {isa = PBXBuildFile; fileRef = 1875FEE92CDA28DA002685AB /* PasswordChangedBottomSheetView.swift */; };
		1875FEEC2CDA2B7C002685AB /* OTPView.swift in Sources */ = {isa = PBXBuildFile; fileRef = 1875FEEB2CDA2B7C002685AB /* OTPView.swift */; };
		1875FEEF2CDA41CB002685AB /* MyTabBarView.swift in Sources */ = {isa = PBXBuildFile; fileRef = 1875FEEE2CDA41CB002685AB /* MyTabBarView.swift */; };
		18792FD52CDCC2D800893809 /* ChatListView.swift in Sources */ = {isa = PBXBuildFile; fileRef = 18792FD42CDCC2D800893809 /* ChatListView.swift */; };
		18792FD72CDCCB7500893809 /* ChatCell.swift in Sources */ = {isa = PBXBuildFile; fileRef = 18792FD62CDCCB7500893809 /* ChatCell.swift */; };
		18792FDA2CDCCC5D00893809 /* ChatModel.swift in Sources */ = {isa = PBXBuildFile; fileRef = 18792FD92CDCCC5D00893809 /* ChatModel.swift */; };
		18792FDD2CDCCC7A00893809 /* ChatViewModel.swift in Sources */ = {isa = PBXBuildFile; fileRef = 18792FDC2CDCCC7A00893809 /* ChatViewModel.swift */; };
		18792FE02CDCD13C00893809 /* ChatAssets.xcassets in Resources */ = {isa = PBXBuildFile; fileRef = 18792FDF2CDCD13C00893809 /* ChatAssets.xcassets */; };
		18792FE42CDCE23800893809 /* TabViewAssets.xcassets in Resources */ = {isa = PBXBuildFile; fileRef = 18792FE32CDCE23800893809 /* TabViewAssets.xcassets */; };
		18792FE62CDCEB5100893809 /* NotificationView.swift in Sources */ = {isa = PBXBuildFile; fileRef = 18792FE52CDCEB5100893809 /* NotificationView.swift */; };
		18792FE82CDCEFE900893809 /* NotificationModel.swift in Sources */ = {isa = PBXBuildFile; fileRef = 18792FE72CDCEFE900893809 /* NotificationModel.swift */; };
		18792FEA2CDCF0FD00893809 /* NotificationCell.swift in Sources */ = {isa = PBXBuildFile; fileRef = 18792FE92CDCF0FD00893809 /* NotificationCell.swift */; };
		18792FEC2CDCF52000893809 /* NotificationViewModel.swift in Sources */ = {isa = PBXBuildFile; fileRef = 18792FEB2CDCF52000893809 /* NotificationViewModel.swift */; };
		18792FF22CDCF8B300893809 /* NotificationTitleWithGridCell.swift in Sources */ = {isa = PBXBuildFile; fileRef = 18792FF12CDCF8B300893809 /* NotificationTitleWithGridCell.swift */; };
		18792FF52CDCF94000893809 /* NotificationAssets.xcassets in Resources */ = {isa = PBXBuildFile; fileRef = 18792FF42CDCF94000893809 /* NotificationAssets.xcassets */; };
		188045EE2CDB3C0000475DA6 /* HomeView.swift in Sources */ = {isa = PBXBuildFile; fileRef = 188045ED2CDB3C0000475DA6 /* HomeView.swift */; };
		188045F12CDB3EF800475DA6 /* HomeAssets.xcassets in Resources */ = {isa = PBXBuildFile; fileRef = 188045F02CDB3EF800475DA6 /* HomeAssets.xcassets */; };
		188045F32CDB567800475DA6 /* HomeViewModel.swift in Sources */ = {isa = PBXBuildFile; fileRef = 188045F22CDB567800475DA6 /* HomeViewModel.swift */; };
		188045F52CDB697F00475DA6 /* Category.swift in Sources */ = {isa = PBXBuildFile; fileRef = 188045F42CDB697F00475DA6 /* Category.swift */; };
		188045F72CDB698E00475DA6 /* CategoryContent.swift in Sources */ = {isa = PBXBuildFile; fileRef = 188045F62CDB698E00475DA6 /* CategoryContent.swift */; };
		188045F92CDB78CD00475DA6 /* FindCategoryCell.swift in Sources */ = {isa = PBXBuildFile; fileRef = 188045F82CDB78CD00475DA6 /* FindCategoryCell.swift */; };
		188045FB2CDB790400475DA6 /* CategoryContentCell.swift in Sources */ = {isa = PBXBuildFile; fileRef = 188045FA2CDB790400475DA6 /* CategoryContentCell.swift */; };
		188045FD2CDB8BB300475DA6 /* ProductDetailView.swift in Sources */ = {isa = PBXBuildFile; fileRef = 188045FC2CDB8BB300475DA6 /* ProductDetailView.swift */; };
		188946772CD208C7001B5585 /* CustomPager.swift in Sources */ = {isa = PBXBuildFile; fileRef = 188946762CD208C7001B5585 /* CustomPager.swift */; };
		1889467B2CD2296C001B5585 /* OnboardingViewModel.swift in Sources */ = {isa = PBXBuildFile; fileRef = 1889467A2CD2296C001B5585 /* OnboardingViewModel.swift */; };
		188946822CD22E2B001B5585 /* LoginAccountView .swift in Sources */ = {isa = PBXBuildFile; fileRef = 188946812CD22E2B001B5585 /* LoginAccountView .swift */; };
		188946842CD23C94001B5585 /* LoginAssets .xcassets in Resources */ = {isa = PBXBuildFile; fileRef = 188946832CD23C94001B5585 /* LoginAssets .xcassets */; };
		188946872CD23FF8001B5585 /* CustomButton.swift in Sources */ = {isa = PBXBuildFile; fileRef = 188946862CD23FF8001B5585 /* CustomButton.swift */; };
		188946892CD24198001B5585 /* UIApplication+Extension .swift in Sources */ = {isa = PBXBuildFile; fileRef = 188946882CD24198001B5585 /* UIApplication+Extension .swift */; };
		1889468B2CD24DB8001B5585 /* CustomTextField.swift in Sources */ = {isa = PBXBuildFile; fileRef = 1889468A2CD24DB8001B5585 /* CustomTextField.swift */; };
		1889468D2CD25498001B5585 /* PasswordTextField.swift in Sources */ = {isa = PBXBuildFile; fileRef = 1889468C2CD25498001B5585 /* PasswordTextField.swift */; };
		1889468F2CD26020001B5585 /* LoginAccountViewModel .swift in Sources */ = {isa = PBXBuildFile; fileRef = 1889468E2CD2601F001B5585 /* LoginAccountViewModel .swift */; };
		188946942CD2625F001B5585 /* CreateAccountView .swift in Sources */ = {isa = PBXBuildFile; fileRef = 188946932CD2625F001B5585 /* CreateAccountView .swift */; };
		188946962CD262E1001B5585 /* CreateAccountViewModel.swift in Sources */ = {isa = PBXBuildFile; fileRef = 188946952CD262E1001B5585 /* CreateAccountViewModel.swift */; };
		1889469B2CD2689F001B5585 /* CustomToggleButton.swift in Sources */ = {isa = PBXBuildFile; fileRef = 1889469A2CD2689F001B5585 /* CustomToggleButton.swift */; };
		18AF00962CDDDFF300BD122E /* ProfileSettingView.swift in Sources */ = {isa = PBXBuildFile; fileRef = 18AF00952CDDDFF300BD122E /* ProfileSettingView.swift */; };
		18AF00992CDDE66100BD122E /* TabModel.swift in Sources */ = {isa = PBXBuildFile; fileRef = 18AF00982CDDE66100BD122E /* TabModel.swift */; };
		18AF009C2CDDE6A400BD122E /* TabViewModel.swift in Sources */ = {isa = PBXBuildFile; fileRef = 18AF009B2CDDE6A400BD122E /* TabViewModel.swift */; };
		18AF009E2CDDEFD500BD122E /* CustomDevider.swift in Sources */ = {isa = PBXBuildFile; fileRef = 18AF009D2CDDEFD500BD122E /* CustomDevider.swift */; };
		18AF00A22CDE080900BD122E /* ProfileSettingCell.swift in Sources */ = {isa = PBXBuildFile; fileRef = 18AF00A12CDE080900BD122E /* ProfileSettingCell.swift */; };
		18AF00A42CDE088800BD122E /* ProfileModel.swift in Sources */ = {isa = PBXBuildFile; fileRef = 18AF00A32CDE088800BD122E /* ProfileModel.swift */; };
		18AF00A62CDE09A100BD122E /* ProfileViewModel.swift in Sources */ = {isa = PBXBuildFile; fileRef = 18AF00A52CDE09A100BD122E /* ProfileViewModel.swift */; };
		18AF00A82CDE0DCE00BD122E /* ProfileSectionCell.swift in Sources */ = {isa = PBXBuildFile; fileRef = 18AF00A72CDE0DCE00BD122E /* ProfileSectionCell.swift */; };
		18AF00AB2CDE114300BD122E /* ProfileAssets.xcassets in Resources */ = {isa = PBXBuildFile; fileRef = 18AF00AA2CDE114300BD122E /* ProfileAssets.xcassets */; };
		18AF00AD2CDE160D00BD122E /* PersonalDataView.swift in Sources */ = {isa = PBXBuildFile; fileRef = 18AF00AC2CDE160D00BD122E /* PersonalDataView.swift */; };
		18AF00B02CDE19D000BD122E /* CustomNavigationModifier.swift in Sources */ = {isa = PBXBuildFile; fileRef = 18AF00AF2CDE19D000BD122E /* CustomNavigationModifier.swift */; };
		18AF00B22CDE1A0200BD122E /* View+Extension.swift in Sources */ = {isa = PBXBuildFile; fileRef = 18AF00B12CDE1A0200BD122E /* View+Extension.swift */; };
		18AF00EE2CDE39AA00BD122E /* CustomPickerTextfield.swift in Sources */ = {isa = PBXBuildFile; fileRef = 18AF00ED2CDE39AA00BD122E /* CustomPickerTextfield.swift */; };
		18B8DE572CE1D2FD0041567B /* DatePickerTextField.swift in Sources */ = {isa = PBXBuildFile; fileRef = 18B8DE562CE1D2FD0041567B /* DatePickerTextField.swift */; };
		18DA960C2CDC906D00E95748 /* BlurView.swift in Sources */ = {isa = PBXBuildFile; fileRef = 18DA960B2CDC906D00E95748 /* BlurView.swift */; };
		18DA96102CDC942000E95748 /* CustomBackButton.swift in Sources */ = {isa = PBXBuildFile; fileRef = 18DA960F2CDC942000E95748 /* CustomBackButton.swift */; };
		18DA96142CDCA09900E95748 /* PaymentView.swift in Sources */ = {isa = PBXBuildFile; fileRef = 18DA96132CDCA09900E95748 /* PaymentView.swift */; };
		18E1804C2CE34D67007D1DEF /* CustomAlertView.swift in Sources */ = {isa = PBXBuildFile; fileRef = 18E1804B2CE34D67007D1DEF /* CustomAlertView.swift */; };
		18E1804E2CE35C9B007D1DEF /* CustomAlertModifier.swift in Sources */ = {isa = PBXBuildFile; fileRef = 18E1804D2CE35C9B007D1DEF /* CustomAlertModifier.swift */; };
/* End PBXBuildFile section */

/* Begin PBXFileReference section */
		186ED1032CE1FDC800645A5C /* ImagePickerView.swift */ = {isa = PBXFileReference; lastKnownFileType = sourcecode.swift; path = ImagePickerView.swift; sourceTree = "<group>"; };
		186ED1082CE207AF00645A5C /* ImagePickerButton.swift */ = {isa = PBXFileReference; lastKnownFileType = sourcecode.swift; path = ImagePickerButton.swift; sourceTree = "<group>"; };
		186ED10A2CE2104900645A5C /* ProfileImageAndSelectionButton.swift */ = {isa = PBXFileReference; lastKnownFileType = sourcecode.swift; path = ProfileImageAndSelectionButton.swift; sourceTree = "<group>"; };
		186ED10E2CE21FF500645A5C /* SettingView.swift */ = {isa = PBXFileReference; lastKnownFileType = sourcecode.swift; path = SettingView.swift; sourceTree = "<group>"; };
		186ED1102CE2292100645A5C /* SelectLanguageView.swift */ = {isa = PBXFileReference; lastKnownFileType = sourcecode.swift; path = SelectLanguageView.swift; sourceTree = "<group>"; };
		186ED1122CE2295400645A5C /* PersonalDataViewModel.swift */ = {isa = PBXFileReference; lastKnownFileType = sourcecode.swift; path = PersonalDataViewModel.swift; sourceTree = "<group>"; };
		186ED1142CE22A3D00645A5C /* SettingDataViewModel.swift */ = {isa = PBXFileReference; lastKnownFileType = sourcecode.swift; path = SettingDataViewModel.swift; sourceTree = "<group>"; };
		186ED1162CE232D600645A5C /* SelectLanguageCell.swift */ = {isa = PBXFileReference; lastKnownFileType = sourcecode.swift; path = SelectLanguageCell.swift; sourceTree = "<group>"; };
		186ED1182CE233CF00645A5C /* LanguageModel.swift */ = {isa = PBXFileReference; lastKnownFileType = sourcecode.swift; path = LanguageModel.swift; sourceTree = "<group>"; };
		186ED11A2CE23B0C00645A5C /* HelperCenterView.swift */ = {isa = PBXFileReference; lastKnownFileType = sourcecode.swift; path = HelperCenterView.swift; sourceTree = "<group>"; };
		186ED11C2CE23D2300645A5C /* HelpCenterViewModel.swift */ = {isa = PBXFileReference; lastKnownFileType = sourcecode.swift; path = HelpCenterViewModel.swift; sourceTree = "<group>"; };
		186ED11E2CE23E0D00645A5C /* HelpCenterModel.swift */ = {isa = PBXFileReference; lastKnownFileType = sourcecode.swift; path = HelpCenterModel.swift; sourceTree = "<group>"; };
		186F893A2CD3464F008DFB42 /* ForgotPasswordView.swift */ = {isa = PBXFileReference; lastKnownFileType = sourcecode.swift; path = ForgotPasswordView.swift; sourceTree = "<group>"; };
		186F893C2CD34889008DFB42 /* ForgotPasswordViewModel.swift */ = {isa = PBXFileReference; lastKnownFileType = sourcecode.swift; path = ForgotPasswordViewModel.swift; sourceTree = "<group>"; };
		186F893E2CD34B59008DFB42 /* ForgotPasswordBottomSheetView.swift */ = {isa = PBXFileReference; lastKnownFileType = sourcecode.swift; path = ForgotPasswordBottomSheetView.swift; sourceTree = "<group>"; };
		186F89412CD3599A008DFB42 /* ForgotPasswordModel.swift */ = {isa = PBXFileReference; lastKnownFileType = sourcecode.swift; path = ForgotPasswordModel.swift; sourceTree = "<group>"; };
		186F89432CD3634A008DFB42 /* NavigationButton.swift */ = {isa = PBXFileReference; lastKnownFileType = sourcecode.swift; path = NavigationButton.swift; sourceTree = "<group>"; };
		186F89452CD382DE008DFB42 /* EmailVerificationView.swift */ = {isa = PBXFileReference; lastKnownFileType = sourcecode.swift; path = EmailVerificationView.swift; sourceTree = "<group>"; };
		186F89472CD38340008DFB42 /* EmailVerificationViewModel.swift */ = {isa = PBXFileReference; lastKnownFileType = sourcecode.swift; path = EmailVerificationViewModel.swift; sourceTree = "<group>"; };
		1873D5932CD0BB060041F016 /* FoodDelivery.app */ = {isa = PBXFileReference; explicitFileType = wrapper.application; includeInIndex = 0; path = FoodDelivery.app; sourceTree = BUILT_PRODUCTS_DIR; };
		1873D5962CD0BB060041F016 /* FoodDeliveryApp.swift */ = {isa = PBXFileReference; lastKnownFileType = sourcecode.swift; path = FoodDeliveryApp.swift; sourceTree = "<group>"; };
		1873D59A2CD0BB0C0041F016 /* Assets.xcassets */ = {isa = PBXFileReference; lastKnownFileType = folder.assetcatalog; path = Assets.xcassets; sourceTree = "<group>"; };
		1873D59D2CD0BB0C0041F016 /* Preview Assets.xcassets */ = {isa = PBXFileReference; lastKnownFileType = folder.assetcatalog; path = "Preview Assets.xcassets"; sourceTree = "<group>"; };
		1873D5AA2CD0BCC80041F016 /* Color+Extension.swift */ = {isa = PBXFileReference; lastKnownFileType = sourcecode.swift; path = "Color+Extension.swift"; sourceTree = "<group>"; };
		1873D5AC2CD0BCEB0041F016 /* ColorConstants.swift */ = {isa = PBXFileReference; lastKnownFileType = sourcecode.swift; path = ColorConstants.swift; sourceTree = "<group>"; };
		1873D5AE2CD0BD200041F016 /* Image+Extension.swift */ = {isa = PBXFileReference; lastKnownFileType = sourcecode.swift; path = "Image+Extension.swift"; sourceTree = "<group>"; };
		1873D5B02CD0BD370041F016 /* ImageConstants.swift */ = {isa = PBXFileReference; lastKnownFileType = sourcecode.swift; path = ImageConstants.swift; sourceTree = "<group>"; };
		1873D5B42CD0D94F0041F016 /* OnboardingView.swift */ = {isa = PBXFileReference; lastKnownFileType = sourcecode.swift; path = OnboardingView.swift; sourceTree = "<group>"; };
		1873D5BA2CD0DA920041F016 /* OnboardingAssets .xcassets */ = {isa = PBXFileReference; lastKnownFileType = folder.assetcatalog; path = "OnboardingAssets .xcassets"; sourceTree = "<group>"; };
		1873D5C82CD0EA410041F016 /* FontConstants .swift */ = {isa = PBXFileReference; lastKnownFileType = sourcecode.swift; path = "FontConstants .swift"; sourceTree = "<group>"; };
		1873D5CA2CD0EB790041F016 /* Font+Extension.swift */ = {isa = PBXFileReference; lastKnownFileType = sourcecode.swift; path = "Font+Extension.swift"; sourceTree = "<group>"; };
		1873D5CF2CD0F0D70041F016 /* Inter-ExtraBold.ttf */ = {isa = PBXFileReference; lastKnownFileType = file; path = "Inter-ExtraBold.ttf"; sourceTree = "<group>"; };
		1873D5D92CD0F0DC0041F016 /* Inter-Black.ttf */ = {isa = PBXFileReference; lastKnownFileType = file; path = "Inter-Black.ttf"; sourceTree = "<group>"; };
		1873D5DB2CD0F0DC0041F016 /* Inter-Bold.ttf */ = {isa = PBXFileReference; lastKnownFileType = file; path = "Inter-Bold.ttf"; sourceTree = "<group>"; };
		1873D5DD2CD0F0DD0041F016 /* Inter-SemiBold.ttf */ = {isa = PBXFileReference; lastKnownFileType = file; path = "Inter-SemiBold.ttf"; sourceTree = "<group>"; };
		1873D5DF2CD0F0DE0041F016 /* Inter-Thin.ttf */ = {isa = PBXFileReference; lastKnownFileType = file; path = "Inter-Thin.ttf"; sourceTree = "<group>"; };
		1873D5E52CD0F0E10041F016 /* Inter-Regular.ttf */ = {isa = PBXFileReference; lastKnownFileType = file; path = "Inter-Regular.ttf"; sourceTree = "<group>"; };
		1873D5E62CD0F0E10041F016 /* Inter-Medium.ttf */ = {isa = PBXFileReference; lastKnownFileType = file; path = "Inter-Medium.ttf"; sourceTree = "<group>"; };
		1873D5E72CD0F0E10041F016 /* Inter-Light.ttf */ = {isa = PBXFileReference; lastKnownFileType = file; path = "Inter-Light.ttf"; sourceTree = "<group>"; };
		1873D5EE2CD0F0E20041F016 /* Inter-ExtraLight.ttf */ = {isa = PBXFileReference; lastKnownFileType = file; path = "Inter-ExtraLight.ttf"; sourceTree = "<group>"; };
		1875FEE52CDA217B002685AB /* ResetPasswordView.swift */ = {isa = PBXFileReference; lastKnownFileType = sourcecode.swift; path = ResetPasswordView.swift; sourceTree = "<group>"; };
		1875FEE72CDA2457002685AB /* ResetPasswordViewViewModel.swift */ = {isa = PBXFileReference; lastKnownFileType = sourcecode.swift; path = ResetPasswordViewViewModel.swift; sourceTree = "<group>"; };
		1875FEE92CDA28DA002685AB /* PasswordChangedBottomSheetView.swift */ = {isa = PBXFileReference; lastKnownFileType = sourcecode.swift; path = PasswordChangedBottomSheetView.swift; sourceTree = "<group>"; };
		1875FEEB2CDA2B7C002685AB /* OTPView.swift */ = {isa = PBXFileReference; lastKnownFileType = sourcecode.swift; path = OTPView.swift; sourceTree = "<group>"; };
		1875FEEE2CDA41CB002685AB /* MyTabBarView.swift */ = {isa = PBXFileReference; lastKnownFileType = sourcecode.swift; path = MyTabBarView.swift; sourceTree = "<group>"; };
		18792FD42CDCC2D800893809 /* ChatListView.swift */ = {isa = PBXFileReference; lastKnownFileType = sourcecode.swift; path = ChatListView.swift; sourceTree = "<group>"; };
		18792FD62CDCCB7500893809 /* ChatCell.swift */ = {isa = PBXFileReference; lastKnownFileType = sourcecode.swift; path = ChatCell.swift; sourceTree = "<group>"; };
		18792FD92CDCCC5D00893809 /* ChatModel.swift */ = {isa = PBXFileReference; lastKnownFileType = sourcecode.swift; path = ChatModel.swift; sourceTree = "<group>"; };
		18792FDC2CDCCC7A00893809 /* ChatViewModel.swift */ = {isa = PBXFileReference; lastKnownFileType = sourcecode.swift; path = ChatViewModel.swift; sourceTree = "<group>"; };
		18792FDF2CDCD13C00893809 /* ChatAssets.xcassets */ = {isa = PBXFileReference; lastKnownFileType = folder.assetcatalog; path = ChatAssets.xcassets; sourceTree = "<group>"; };
		18792FE32CDCE23800893809 /* TabViewAssets.xcassets */ = {isa = PBXFileReference; lastKnownFileType = folder.assetcatalog; path = TabViewAssets.xcassets; sourceTree = "<group>"; };
		18792FE52CDCEB5100893809 /* NotificationView.swift */ = {isa = PBXFileReference; lastKnownFileType = sourcecode.swift; path = NotificationView.swift; sourceTree = "<group>"; };
		18792FE72CDCEFE900893809 /* NotificationModel.swift */ = {isa = PBXFileReference; lastKnownFileType = sourcecode.swift; path = NotificationModel.swift; sourceTree = "<group>"; };
		18792FE92CDCF0FD00893809 /* NotificationCell.swift */ = {isa = PBXFileReference; lastKnownFileType = sourcecode.swift; path = NotificationCell.swift; sourceTree = "<group>"; };
		18792FEB2CDCF52000893809 /* NotificationViewModel.swift */ = {isa = PBXFileReference; lastKnownFileType = sourcecode.swift; path = NotificationViewModel.swift; sourceTree = "<group>"; };
		18792FF12CDCF8B300893809 /* NotificationTitleWithGridCell.swift */ = {isa = PBXFileReference; lastKnownFileType = sourcecode.swift; path = NotificationTitleWithGridCell.swift; sourceTree = "<group>"; };
		18792FF42CDCF94000893809 /* NotificationAssets.xcassets */ = {isa = PBXFileReference; lastKnownFileType = folder.assetcatalog; path = NotificationAssets.xcassets; sourceTree = "<group>"; };
		188045ED2CDB3C0000475DA6 /* HomeView.swift */ = {isa = PBXFileReference; lastKnownFileType = sourcecode.swift; path = HomeView.swift; sourceTree = "<group>"; };
		188045F02CDB3EF800475DA6 /* HomeAssets.xcassets */ = {isa = PBXFileReference; lastKnownFileType = folder.assetcatalog; path = HomeAssets.xcassets; sourceTree = "<group>"; };
		188045F22CDB567800475DA6 /* HomeViewModel.swift */ = {isa = PBXFileReference; lastKnownFileType = sourcecode.swift; path = HomeViewModel.swift; sourceTree = "<group>"; };
		188045F42CDB697F00475DA6 /* Category.swift */ = {isa = PBXFileReference; lastKnownFileType = sourcecode.swift; path = Category.swift; sourceTree = "<group>"; };
		188045F62CDB698E00475DA6 /* CategoryContent.swift */ = {isa = PBXFileReference; lastKnownFileType = sourcecode.swift; path = CategoryContent.swift; sourceTree = "<group>"; };
		188045F82CDB78CD00475DA6 /* FindCategoryCell.swift */ = {isa = PBXFileReference; lastKnownFileType = sourcecode.swift; path = FindCategoryCell.swift; sourceTree = "<group>"; };
		188045FA2CDB790400475DA6 /* CategoryContentCell.swift */ = {isa = PBXFileReference; lastKnownFileType = sourcecode.swift; path = CategoryContentCell.swift; sourceTree = "<group>"; };
		188045FC2CDB8BB300475DA6 /* ProductDetailView.swift */ = {isa = PBXFileReference; lastKnownFileType = sourcecode.swift; path = ProductDetailView.swift; sourceTree = "<group>"; };
		188946762CD208C7001B5585 /* CustomPager.swift */ = {isa = PBXFileReference; lastKnownFileType = sourcecode.swift; path = CustomPager.swift; sourceTree = "<group>"; };
		1889467A2CD2296C001B5585 /* OnboardingViewModel.swift */ = {isa = PBXFileReference; lastKnownFileType = sourcecode.swift; path = OnboardingViewModel.swift; sourceTree = "<group>"; };
		188946812CD22E2B001B5585 /* LoginAccountView .swift */ = {isa = PBXFileReference; lastKnownFileType = sourcecode.swift; path = "LoginAccountView .swift"; sourceTree = "<group>"; };
		188946832CD23C94001B5585 /* LoginAssets .xcassets */ = {isa = PBXFileReference; lastKnownFileType = folder.assetcatalog; path = "LoginAssets .xcassets"; sourceTree = "<group>"; };
		188946862CD23FF8001B5585 /* CustomButton.swift */ = {isa = PBXFileReference; lastKnownFileType = sourcecode.swift; path = CustomButton.swift; sourceTree = "<group>"; };
		188946882CD24198001B5585 /* UIApplication+Extension .swift */ = {isa = PBXFileReference; lastKnownFileType = sourcecode.swift; path = "UIApplication+Extension .swift"; sourceTree = "<group>"; };
		1889468A2CD24DB8001B5585 /* CustomTextField.swift */ = {isa = PBXFileReference; lastKnownFileType = sourcecode.swift; path = CustomTextField.swift; sourceTree = "<group>"; };
		1889468C2CD25498001B5585 /* PasswordTextField.swift */ = {isa = PBXFileReference; lastKnownFileType = sourcecode.swift; path = PasswordTextField.swift; sourceTree = "<group>"; };
		1889468E2CD2601F001B5585 /* LoginAccountViewModel .swift */ = {isa = PBXFileReference; lastKnownFileType = sourcecode.swift; path = "LoginAccountViewModel .swift"; sourceTree = "<group>"; };
		188946932CD2625F001B5585 /* CreateAccountView .swift */ = {isa = PBXFileReference; lastKnownFileType = sourcecode.swift; path = "CreateAccountView .swift"; sourceTree = "<group>"; };
		188946952CD262E1001B5585 /* CreateAccountViewModel.swift */ = {isa = PBXFileReference; lastKnownFileType = sourcecode.swift; path = CreateAccountViewModel.swift; sourceTree = "<group>"; };
		1889469A2CD2689F001B5585 /* CustomToggleButton.swift */ = {isa = PBXFileReference; lastKnownFileType = sourcecode.swift; path = CustomToggleButton.swift; sourceTree = "<group>"; };
		18AF00952CDDDFF300BD122E /* ProfileSettingView.swift */ = {isa = PBXFileReference; lastKnownFileType = sourcecode.swift; path = ProfileSettingView.swift; sourceTree = "<group>"; };
		18AF00982CDDE66100BD122E /* TabModel.swift */ = {isa = PBXFileReference; lastKnownFileType = sourcecode.swift; path = TabModel.swift; sourceTree = "<group>"; };
		18AF009B2CDDE6A400BD122E /* TabViewModel.swift */ = {isa = PBXFileReference; lastKnownFileType = sourcecode.swift; path = TabViewModel.swift; sourceTree = "<group>"; };
		18AF009D2CDDEFD500BD122E /* CustomDevider.swift */ = {isa = PBXFileReference; lastKnownFileType = sourcecode.swift; path = CustomDevider.swift; sourceTree = "<group>"; };
		18AF00A12CDE080900BD122E /* ProfileSettingCell.swift */ = {isa = PBXFileReference; lastKnownFileType = sourcecode.swift; path = ProfileSettingCell.swift; sourceTree = "<group>"; };
		18AF00A32CDE088800BD122E /* ProfileModel.swift */ = {isa = PBXFileReference; lastKnownFileType = sourcecode.swift; path = ProfileModel.swift; sourceTree = "<group>"; };
		18AF00A52CDE09A100BD122E /* ProfileViewModel.swift */ = {isa = PBXFileReference; lastKnownFileType = sourcecode.swift; path = ProfileViewModel.swift; sourceTree = "<group>"; };
		18AF00A72CDE0DCE00BD122E /* ProfileSectionCell.swift */ = {isa = PBXFileReference; lastKnownFileType = sourcecode.swift; path = ProfileSectionCell.swift; sourceTree = "<group>"; };
		18AF00AA2CDE114300BD122E /* ProfileAssets.xcassets */ = {isa = PBXFileReference; lastKnownFileType = folder.assetcatalog; path = ProfileAssets.xcassets; sourceTree = "<group>"; };
		18AF00AC2CDE160D00BD122E /* PersonalDataView.swift */ = {isa = PBXFileReference; lastKnownFileType = sourcecode.swift; path = PersonalDataView.swift; sourceTree = "<group>"; };
		18AF00AF2CDE19D000BD122E /* CustomNavigationModifier.swift */ = {isa = PBXFileReference; lastKnownFileType = sourcecode.swift; path = CustomNavigationModifier.swift; sourceTree = "<group>"; };
		18AF00B12CDE1A0200BD122E /* View+Extension.swift */ = {isa = PBXFileReference; lastKnownFileType = sourcecode.swift; path = "View+Extension.swift"; sourceTree = "<group>"; };
		18AF00ED2CDE39AA00BD122E /* CustomPickerTextfield.swift */ = {isa = PBXFileReference; lastKnownFileType = sourcecode.swift; path = CustomPickerTextfield.swift; sourceTree = "<group>"; };
		18B8DE562CE1D2FD0041567B /* DatePickerTextField.swift */ = {isa = PBXFileReference; lastKnownFileType = sourcecode.swift; path = DatePickerTextField.swift; sourceTree = "<group>"; };
		18DA960B2CDC906D00E95748 /* BlurView.swift */ = {isa = PBXFileReference; lastKnownFileType = sourcecode.swift; name = BlurView.swift; path = ../../../../../../../../../Documents/BlurView.swift; sourceTree = "<group>"; };
		18DA960F2CDC942000E95748 /* CustomBackButton.swift */ = {isa = PBXFileReference; lastKnownFileType = sourcecode.swift; path = CustomBackButton.swift; sourceTree = "<group>"; };
		18DA96132CDCA09900E95748 /* PaymentView.swift */ = {isa = PBXFileReference; lastKnownFileType = sourcecode.swift; path = PaymentView.swift; sourceTree = "<group>"; };
		18E1804B2CE34D67007D1DEF /* CustomAlertView.swift */ = {isa = PBXFileReference; lastKnownFileType = sourcecode.swift; path = CustomAlertView.swift; sourceTree = "<group>"; };
		18E1804D2CE35C9B007D1DEF /* CustomAlertModifier.swift */ = {isa = PBXFileReference; lastKnownFileType = sourcecode.swift; path = CustomAlertModifier.swift; sourceTree = "<group>"; };
/* End PBXFileReference section */

/* Begin PBXFrameworksBuildPhase section */
		1873D5902CD0BB060041F016 /* Frameworks */ = {
			isa = PBXFrameworksBuildPhase;
			buildActionMask = 2147483647;
			files = (
			);
			runOnlyForDeploymentPostprocessing = 0;
		};
/* End PBXFrameworksBuildPhase section */

/* Begin PBXGroup section */
		186ED1052CE1FEC200645A5C /* ImagePicker */ = {
			isa = PBXGroup;
			children = (
				186ED1082CE207AF00645A5C /* ImagePickerButton.swift */,
				186ED1032CE1FDC800645A5C /* ImagePickerView.swift */,
			);
			path = ImagePicker;
			sourceTree = "<group>";
		};
		186F89382CD34623008DFB42 /* ViewModel */ = {
			isa = PBXGroup;
			children = (
				186F893C2CD34889008DFB42 /* ForgotPasswordViewModel.swift */,
				186F89472CD38340008DFB42 /* EmailVerificationViewModel.swift */,
				1875FEE72CDA2457002685AB /* ResetPasswordViewViewModel.swift */,
			);
			path = ViewModel;
			sourceTree = "<group>";
		};
		186F89392CD34628008DFB42 /* View */ = {
			isa = PBXGroup;
			children = (
				186F893A2CD3464F008DFB42 /* ForgotPasswordView.swift */,
				186F893E2CD34B59008DFB42 /* ForgotPasswordBottomSheetView.swift */,
				186F89452CD382DE008DFB42 /* EmailVerificationView.swift */,
				1875FEE52CDA217B002685AB /* ResetPasswordView.swift */,
				1875FEE92CDA28DA002685AB /* PasswordChangedBottomSheetView.swift */,
			);
			path = View;
			sourceTree = "<group>";
		};
		186F89402CD3597C008DFB42 /* Model */ = {
			isa = PBXGroup;
			children = (
				186F89412CD3599A008DFB42 /* ForgotPasswordModel.swift */,
			);
			path = Model;
			sourceTree = "<group>";
		};
		1873D58A2CD0BB060041F016 = {
			isa = PBXGroup;
			children = (
				1873D5952CD0BB060041F016 /* FoodDelivery */,
				1873D5942CD0BB060041F016 /* Products */,
			);
			sourceTree = "<group>";
		};
		1873D5942CD0BB060041F016 /* Products */ = {
			isa = PBXGroup;
			children = (
				1873D5932CD0BB060041F016 /* FoodDelivery.app */,
			);
			name = Products;
			sourceTree = "<group>";
		};
		1873D5952CD0BB060041F016 /* FoodDelivery */ = {
			isa = PBXGroup;
			children = (
				1873D5A42CD0BC100041F016 /* Application */,
				1873D5A52CD0BC1F0041F016 /* Utility */,
				1873D5B32CD0D93E0041F016 /* modules  */,
				1873D5A72CD0BC360041F016 /* Resources  */,
				1873D59C2CD0BB0C0041F016 /* Preview Content */,
			);
			path = FoodDelivery;
			sourceTree = "<group>";
		};
		1873D59C2CD0BB0C0041F016 /* Preview Content */ = {
			isa = PBXGroup;
			children = (
				1873D59D2CD0BB0C0041F016 /* Preview Assets.xcassets */,
			);
			path = "Preview Content";
			sourceTree = "<group>";
		};
		1873D5A42CD0BC100041F016 /* Application */ = {
			isa = PBXGroup;
			children = (
				1873D5962CD0BB060041F016 /* FoodDeliveryApp.swift */,
			);
			path = Application;
			sourceTree = "<group>";
		};
		1873D5A52CD0BC1F0041F016 /* Utility */ = {
			isa = PBXGroup;
			children = (
				1873D5A82CD0BCB10041F016 /* Constants  */,
				1873D5A92CD0BCBA0041F016 /* Extensions  */,
				188946852CD23FDD001B5585 /* CustomItems  */,
			);
			path = Utility;
			sourceTree = "<group>";
		};
		1873D5A72CD0BC360041F016 /* Resources  */ = {
			isa = PBXGroup;
			children = (
				1873D5BF2CD0E91E0041F016 /* Fonts  */,
				1873D59A2CD0BB0C0041F016 /* Assets.xcassets */,
			);
			path = "Resources ";
			sourceTree = "<group>";
		};
		1873D5A82CD0BCB10041F016 /* Constants  */ = {
			isa = PBXGroup;
			children = (
				1873D5AC2CD0BCEB0041F016 /* ColorConstants.swift */,
				1873D5B02CD0BD370041F016 /* ImageConstants.swift */,
				1873D5C82CD0EA410041F016 /* FontConstants .swift */,
			);
			path = "Constants ";
			sourceTree = "<group>";
		};
		1873D5A92CD0BCBA0041F016 /* Extensions  */ = {
			isa = PBXGroup;
			children = (
				1873D5AA2CD0BCC80041F016 /* Color+Extension.swift */,
				1873D5AE2CD0BD200041F016 /* Image+Extension.swift */,
				1873D5CA2CD0EB790041F016 /* Font+Extension.swift */,
				188946882CD24198001B5585 /* UIApplication+Extension .swift */,
				18AF00B12CDE1A0200BD122E /* View+Extension.swift */,
			);
			path = "Extensions ";
			sourceTree = "<group>";
		};
		1873D5B32CD0D93E0041F016 /* modules  */ = {
			isa = PBXGroup;
			children = (
				1873D5B62CD0DA570041F016 /* Onboarding */,
				1889467C2CD22DC1001B5585 /* Login */,
				1875FEED2CDA41AB002685AB /* TabView  */,
				188045E92CDB3B3100475DA6 /* Home */,
				18792FD22CDCC2B100893809 /* Chat */,
				18792FED2CDCF7F700893809 /* Notification */,
				18AF00912CDDDF4300BD122E /* Profile */,
			);
			path = "modules ";
			sourceTree = "<group>";
		};
		1873D5B62CD0DA570041F016 /* Onboarding */ = {
			isa = PBXGroup;
			children = (
				1873D5B92CD0DA700041F016 /* Resources  */,
				1873D5B82CD0DA670041F016 /* ViewModel */,
				1873D5B72CD0DA620041F016 /* View */,
			);
			path = Onboarding;
			sourceTree = "<group>";
		};
		1873D5B72CD0DA620041F016 /* View */ = {
			isa = PBXGroup;
			children = (
				1873D5B42CD0D94F0041F016 /* OnboardingView.swift */,
				188946762CD208C7001B5585 /* CustomPager.swift */,
			);
			path = View;
			sourceTree = "<group>";
		};
		1873D5B82CD0DA670041F016 /* ViewModel */ = {
			isa = PBXGroup;
			children = (
				1889467A2CD2296C001B5585 /* OnboardingViewModel.swift */,
			);
			path = ViewModel;
			sourceTree = "<group>";
		};
		1873D5B92CD0DA700041F016 /* Resources  */ = {
			isa = PBXGroup;
			children = (
				1873D5BA2CD0DA920041F016 /* OnboardingAssets .xcassets */,
			);
			path = "Resources ";
			sourceTree = "<group>";
		};
		1873D5BF2CD0E91E0041F016 /* Fonts  */ = {
			isa = PBXGroup;
			children = (
				1873D5D92CD0F0DC0041F016 /* Inter-Black.ttf */,
				1873D5DB2CD0F0DC0041F016 /* Inter-Bold.ttf */,
				1873D5CF2CD0F0D70041F016 /* Inter-ExtraBold.ttf */,
				1873D5EE2CD0F0E20041F016 /* Inter-ExtraLight.ttf */,
				1873D5E72CD0F0E10041F016 /* Inter-Light.ttf */,
				1873D5E62CD0F0E10041F016 /* Inter-Medium.ttf */,
				1873D5E52CD0F0E10041F016 /* Inter-Regular.ttf */,
				1873D5DD2CD0F0DD0041F016 /* Inter-SemiBold.ttf */,
				1873D5DF2CD0F0DE0041F016 /* Inter-Thin.ttf */,
			);
			path = "Fonts ";
			sourceTree = "<group>";
		};
		1875FEED2CDA41AB002685AB /* TabView  */ = {
			isa = PBXGroup;
			children = (
				18792FE22CDCE22300893809 /* Resources  */,
				18AF00972CDDE63D00BD122E /* Model */,
				18792FE12CDCE21A00893809 /* View */,
				18AF009A2CDDE68700BD122E /* ViewModel */,
			);
			path = "TabView ";
			sourceTree = "<group>";
		};
		18792FD22CDCC2B100893809 /* Chat */ = {
			isa = PBXGroup;
			children = (
				18792FDE2CDCD11D00893809 /* Resources */,
				18792FD82CDCCC4200893809 /* Model */,
				18792FD32CDCC2C900893809 /* View */,
				18792FDB2CDCCC6600893809 /* ViewModel */,
			);
			path = Chat;
			sourceTree = "<group>";
		};
		18792FD32CDCC2C900893809 /* View */ = {
			isa = PBXGroup;
			children = (
				18792FD42CDCC2D800893809 /* ChatListView.swift */,
				18792FD62CDCCB7500893809 /* ChatCell.swift */,
			);
			path = View;
			sourceTree = "<group>";
		};
		18792FD82CDCCC4200893809 /* Model */ = {
			isa = PBXGroup;
			children = (
				18792FD92CDCCC5D00893809 /* ChatModel.swift */,
			);
			path = Model;
			sourceTree = "<group>";
		};
		18792FDB2CDCCC6600893809 /* ViewModel */ = {
			isa = PBXGroup;
			children = (
				18792FDC2CDCCC7A00893809 /* ChatViewModel.swift */,
			);
			path = ViewModel;
			sourceTree = "<group>";
		};
		18792FDE2CDCD11D00893809 /* Resources */ = {
			isa = PBXGroup;
			children = (
				18792FDF2CDCD13C00893809 /* ChatAssets.xcassets */,
			);
			path = Resources;
			sourceTree = "<group>";
		};
		18792FE12CDCE21A00893809 /* View */ = {
			isa = PBXGroup;
			children = (
				1875FEEE2CDA41CB002685AB /* MyTabBarView.swift */,
			);
			path = View;
			sourceTree = "<group>";
		};
		18792FE22CDCE22300893809 /* Resources  */ = {
			isa = PBXGroup;
			children = (
				18792FE32CDCE23800893809 /* TabViewAssets.xcassets */,
			);
			path = "Resources ";
			sourceTree = "<group>";
		};
		18792FED2CDCF7F700893809 /* Notification */ = {
			isa = PBXGroup;
			children = (
				18792FF32CDCF92B00893809 /* Resources  */,
				18792FF02CDCF81C00893809 /* Model */,
				18792FEE2CDCF80C00893809 /* View */,
				18792FEF2CDCF81200893809 /* ViewModel */,
			);
			path = Notification;
			sourceTree = "<group>";
		};
		18792FEE2CDCF80C00893809 /* View */ = {
			isa = PBXGroup;
			children = (
				18792FE52CDCEB5100893809 /* NotificationView.swift */,
				18792FF12CDCF8B300893809 /* NotificationTitleWithGridCell.swift */,
				18792FE92CDCF0FD00893809 /* NotificationCell.swift */,
			);
			path = View;
			sourceTree = "<group>";
		};
		18792FEF2CDCF81200893809 /* ViewModel */ = {
			isa = PBXGroup;
			children = (
				18792FEB2CDCF52000893809 /* NotificationViewModel.swift */,
			);
			path = ViewModel;
			sourceTree = "<group>";
		};
		18792FF02CDCF81C00893809 /* Model */ = {
			isa = PBXGroup;
			children = (
				18792FE72CDCEFE900893809 /* NotificationModel.swift */,
			);
			path = Model;
			sourceTree = "<group>";
		};
		18792FF32CDCF92B00893809 /* Resources  */ = {
			isa = PBXGroup;
			children = (
				18792FF42CDCF94000893809 /* NotificationAssets.xcassets */,
			);
			path = "Resources ";
			sourceTree = "<group>";
		};
		188021252CD342B2004A79B9 /* ForgotPassword */ = {
			isa = PBXGroup;
			children = (
				186F89402CD3597C008DFB42 /* Model */,
				186F89392CD34628008DFB42 /* View */,
				186F89382CD34623008DFB42 /* ViewModel */,
			);
			path = ForgotPassword;
			sourceTree = "<group>";
		};
		188045E92CDB3B3100475DA6 /* Home */ = {
			isa = PBXGroup;
			children = (
				188045EF2CDB3ED200475DA6 /* Resources  */,
				188045EA2CDB3BD900475DA6 /* Model */,
				188045EB2CDB3BE100475DA6 /* View */,
				188045EC2CDB3BE800475DA6 /* ViewModel */,
			);
			path = Home;
			sourceTree = "<group>";
		};
		188045EA2CDB3BD900475DA6 /* Model */ = {
			isa = PBXGroup;
			children = (
				188045F42CDB697F00475DA6 /* Category.swift */,
				188045F62CDB698E00475DA6 /* CategoryContent.swift */,
			);
			path = Model;
			sourceTree = "<group>";
		};
		188045EB2CDB3BE100475DA6 /* View */ = {
			isa = PBXGroup;
			children = (
				18DA96122CDC9D6900E95748 /* Screens  */,
				18DA96112CDC9D5800E95748 /* Cells  */,
			);
			path = View;
			sourceTree = "<group>";
		};
		188045EC2CDB3BE800475DA6 /* ViewModel */ = {
			isa = PBXGroup;
			children = (
				188045F22CDB567800475DA6 /* HomeViewModel.swift */,
			);
			path = ViewModel;
			sourceTree = "<group>";
		};
		188045EF2CDB3ED200475DA6 /* Resources  */ = {
			isa = PBXGroup;
			children = (
				188045F02CDB3EF800475DA6 /* HomeAssets.xcassets */,
			);
			path = "Resources ";
			sourceTree = "<group>";
		};
		1889467C2CD22DC1001B5585 /* Login */ = {
			isa = PBXGroup;
			children = (
				188946922CD26229001B5585 /* Resources  */,
				1889467D2CD22DD6001B5585 /* LoginAccount */,
				188946802CD22DFF001B5585 /* CreateAccount */,
				188021252CD342B2004A79B9 /* ForgotPassword */,
			);
			path = Login;
			sourceTree = "<group>";
		};
		1889467D2CD22DD6001B5585 /* LoginAccount */ = {
			isa = PBXGroup;
			children = (
				1889467E2CD22DE7001B5585 /* View */,
				1889467F2CD22DEF001B5585 /* ViewModel */,
			);
			path = LoginAccount;
			sourceTree = "<group>";
		};
		1889467E2CD22DE7001B5585 /* View */ = {
			isa = PBXGroup;
			children = (
				188946812CD22E2B001B5585 /* LoginAccountView .swift */,
			);
			path = View;
			sourceTree = "<group>";
		};
		1889467F2CD22DEF001B5585 /* ViewModel */ = {
			isa = PBXGroup;
			children = (
				1889468E2CD2601F001B5585 /* LoginAccountViewModel .swift */,
			);
			path = ViewModel;
			sourceTree = "<group>";
		};
		188946802CD22DFF001B5585 /* CreateAccount */ = {
			isa = PBXGroup;
			children = (
				188946912CD26220001B5585 /* ViewModel */,
				188946902CD2621A001B5585 /* View */,
			);
			path = CreateAccount;
			sourceTree = "<group>";
		};
		188946852CD23FDD001B5585 /* CustomItems  */ = {
			isa = PBXGroup;
			children = (
				18AF00AE2CDE19B800BD122E /* Modifiers  */,
				188946982CD26859001B5585 /* Buttons  */,
				188946972CD26845001B5585 /* TextFields  */,
				188946992CD26873001B5585 /* OtherItems  */,
			);
			path = "CustomItems ";
			sourceTree = "<group>";
		};
		188946902CD2621A001B5585 /* View */ = {
			isa = PBXGroup;
			children = (
				188946932CD2625F001B5585 /* CreateAccountView .swift */,
			);
			path = View;
			sourceTree = "<group>";
		};
		188946912CD26220001B5585 /* ViewModel */ = {
			isa = PBXGroup;
			children = (
				188946952CD262E1001B5585 /* CreateAccountViewModel.swift */,
			);
			path = ViewModel;
			sourceTree = "<group>";
		};
		188946922CD26229001B5585 /* Resources  */ = {
			isa = PBXGroup;
			children = (
				188946832CD23C94001B5585 /* LoginAssets .xcassets */,
			);
			path = "Resources ";
			sourceTree = "<group>";
		};
		188946972CD26845001B5585 /* TextFields  */ = {
			isa = PBXGroup;
			children = (
				1889468A2CD24DB8001B5585 /* CustomTextField.swift */,
				1889468C2CD25498001B5585 /* PasswordTextField.swift */,
				18AF00ED2CDE39AA00BD122E /* CustomPickerTextfield.swift */,
				18B8DE562CE1D2FD0041567B /* DatePickerTextField.swift */,
			);
			path = "TextFields ";
			sourceTree = "<group>";
		};
		188946982CD26859001B5585 /* Buttons  */ = {
			isa = PBXGroup;
			children = (
				188946862CD23FF8001B5585 /* CustomButton.swift */,
				186F89432CD3634A008DFB42 /* NavigationButton.swift */,
			);
			path = "Buttons ";
			sourceTree = "<group>";
		};
		188946992CD26873001B5585 /* OtherItems  */ = {
			isa = PBXGroup;
			children = (
				186ED1052CE1FEC200645A5C /* ImagePicker */,
				1889469A2CD2689F001B5585 /* CustomToggleButton.swift */,
				1875FEEB2CDA2B7C002685AB /* OTPView.swift */,
				18DA960B2CDC906D00E95748 /* BlurView.swift */,
				18DA960F2CDC942000E95748 /* CustomBackButton.swift */,
				18AF009D2CDDEFD500BD122E /* CustomDevider.swift */,
				18E1804B2CE34D67007D1DEF /* CustomAlertView.swift */,
			);
			path = "OtherItems ";
			sourceTree = "<group>";
		};
		18AF00912CDDDF4300BD122E /* Profile */ = {
			isa = PBXGroup;
			children = (
				18AF00A92CDE112900BD122E /* Resources  */,
				18AF00922CDDDF5F00BD122E /* Model */,
				18AF00932CDDDF7300BD122E /* View */,
				18AF00942CDDDF8300BD122E /* ViewModel */,
			);
			path = Profile;
			sourceTree = "<group>";
		};
		18AF00922CDDDF5F00BD122E /* Model */ = {
			isa = PBXGroup;
			children = (
				18AF00A32CDE088800BD122E /* ProfileModel.swift */,
				186ED1182CE233CF00645A5C /* LanguageModel.swift */,
				186ED11E2CE23E0D00645A5C /* HelpCenterModel.swift */,
			);
			path = Model;
			sourceTree = "<group>";
		};
		18AF00932CDDDF7300BD122E /* View */ = {
			isa = PBXGroup;
			children = (
				18AF009F2CDE07E700BD122E /* Screens  */,
				18AF00A02CDE07F300BD122E /* Cells */,
			);
			path = View;
			sourceTree = "<group>";
		};
		18AF00942CDDDF8300BD122E /* ViewModel */ = {
			isa = PBXGroup;
			children = (
				18AF00A52CDE09A100BD122E /* ProfileViewModel.swift */,
				186ED1122CE2295400645A5C /* PersonalDataViewModel.swift */,
				186ED1142CE22A3D00645A5C /* SettingDataViewModel.swift */,
				186ED11C2CE23D2300645A5C /* HelpCenterViewModel.swift */,
			);
			path = ViewModel;
			sourceTree = "<group>";
		};
		18AF00972CDDE63D00BD122E /* Model */ = {
			isa = PBXGroup;
			children = (
				18AF00982CDDE66100BD122E /* TabModel.swift */,
			);
			path = Model;
			sourceTree = "<group>";
		};
		18AF009A2CDDE68700BD122E /* ViewModel */ = {
			isa = PBXGroup;
			children = (
				18AF009B2CDDE6A400BD122E /* TabViewModel.swift */,
			);
			path = ViewModel;
			sourceTree = "<group>";
		};
		18AF009F2CDE07E700BD122E /* Screens  */ = {
			isa = PBXGroup;
			children = (
				18AF00952CDDDFF300BD122E /* ProfileSettingView.swift */,
				18AF00AC2CDE160D00BD122E /* PersonalDataView.swift */,
				186ED10A2CE2104900645A5C /* ProfileImageAndSelectionButton.swift */,
				186ED10E2CE21FF500645A5C /* SettingView.swift */,
				186ED1102CE2292100645A5C /* SelectLanguageView.swift */,
				186ED11A2CE23B0C00645A5C /* HelperCenterView.swift */,
			);
			path = "Screens ";
			sourceTree = "<group>";
		};
		18AF00A02CDE07F300BD122E /* Cells */ = {
			isa = PBXGroup;
			children = (
				18AF00A12CDE080900BD122E /* ProfileSettingCell.swift */,
				18AF00A72CDE0DCE00BD122E /* ProfileSectionCell.swift */,
				186ED1162CE232D600645A5C /* SelectLanguageCell.swift */,
			);
			path = Cells;
			sourceTree = "<group>";
		};
		18AF00A92CDE112900BD122E /* Resources  */ = {
			isa = PBXGroup;
			children = (
				18AF00AA2CDE114300BD122E /* ProfileAssets.xcassets */,
			);
			path = "Resources ";
			sourceTree = "<group>";
		};
		18AF00AE2CDE19B800BD122E /* Modifiers  */ = {
			isa = PBXGroup;
			children = (
				18AF00AF2CDE19D000BD122E /* CustomNavigationModifier.swift */,
				18E1804D2CE35C9B007D1DEF /* CustomAlertModifier.swift */,
			);
			path = "Modifiers ";
			sourceTree = "<group>";
		};
		18DA96112CDC9D5800E95748 /* Cells  */ = {
			isa = PBXGroup;
			children = (
				188045F82CDB78CD00475DA6 /* FindCategoryCell.swift */,
				188045FA2CDB790400475DA6 /* CategoryContentCell.swift */,
			);
			path = "Cells ";
			sourceTree = "<group>";
		};
		18DA96122CDC9D6900E95748 /* Screens  */ = {
			isa = PBXGroup;
			children = (
				188045ED2CDB3C0000475DA6 /* HomeView.swift */,
				188045FC2CDB8BB300475DA6 /* ProductDetailView.swift */,
				18DA96132CDCA09900E95748 /* PaymentView.swift */,
			);
			path = "Screens ";
			sourceTree = "<group>";
		};
/* End PBXGroup section */

/* Begin PBXNativeTarget section */
		1873D5922CD0BB060041F016 /* FoodDelivery */ = {
			isa = PBXNativeTarget;
			buildConfigurationList = 1873D5A12CD0BB0C0041F016 /* Build configuration list for PBXNativeTarget "FoodDelivery" */;
			buildPhases = (
				1873D58F2CD0BB060041F016 /* Sources */,
				1873D5902CD0BB060041F016 /* Frameworks */,
				1873D5912CD0BB060041F016 /* Resources */,
			);
			buildRules = (
			);
			dependencies = (
			);
			name = FoodDelivery;
			productName = FoodDelivery;
			productReference = 1873D5932CD0BB060041F016 /* FoodDelivery.app */;
			productType = "com.apple.product-type.application";
		};
/* End PBXNativeTarget section */

/* Begin PBXProject section */
		1873D58B2CD0BB060041F016 /* Project object */ = {
			isa = PBXProject;
			attributes = {
				BuildIndependentTargetsInParallel = 1;
				LastSwiftUpdateCheck = 1420;
				LastUpgradeCheck = 1420;
				TargetAttributes = {
					1873D5922CD0BB060041F016 = {
						CreatedOnToolsVersion = 14.2;
					};
				};
			};
			buildConfigurationList = 1873D58E2CD0BB060041F016 /* Build configuration list for PBXProject "FoodDelivery" */;
			compatibilityVersion = "Xcode 14.0";
			developmentRegion = en;
			hasScannedForEncodings = 0;
			knownRegions = (
				en,
				Base,
			);
			mainGroup = 1873D58A2CD0BB060041F016;
			productRefGroup = 1873D5942CD0BB060041F016 /* Products */;
			projectDirPath = "";
			projectRoot = "";
			targets = (
				1873D5922CD0BB060041F016 /* FoodDelivery */,
			);
		};
/* End PBXProject section */

/* Begin PBXResourcesBuildPhase section */
		1873D5912CD0BB060041F016 /* Resources */ = {
			isa = PBXResourcesBuildPhase;
			buildActionMask = 2147483647;
			files = (
				1873D59E2CD0BB0C0041F016 /* Preview Assets.xcassets in Resources */,
				1873D60B2CD0F0E30041F016 /* Inter-Light.ttf in Resources */,
				1873D5FD2CD0F0E30041F016 /* Inter-Black.ttf in Resources */,
				1873D6012CD0F0E30041F016 /* Inter-SemiBold.ttf in Resources */,
				18792FE02CDCD13C00893809 /* ChatAssets.xcassets in Resources */,
				1873D60A2CD0F0E30041F016 /* Inter-Medium.ttf in Resources */,
				1873D5BB2CD0DA920041F016 /* OnboardingAssets .xcassets in Resources */,
				18792FE42CDCE23800893809 /* TabViewAssets.xcassets in Resources */,
				1873D6092CD0F0E30041F016 /* Inter-Regular.ttf in Resources */,
				188946842CD23C94001B5585 /* LoginAssets .xcassets in Resources */,
				1873D5F32CD0F0E30041F016 /* Inter-ExtraBold.ttf in Resources */,
				188045F12CDB3EF800475DA6 /* HomeAssets.xcassets in Resources */,
				1873D5FF2CD0F0E30041F016 /* Inter-Bold.ttf in Resources */,
				1873D59B2CD0BB0C0041F016 /* Assets.xcassets in Resources */,
				18AF00AB2CDE114300BD122E /* ProfileAssets.xcassets in Resources */,
				1873D6032CD0F0E30041F016 /* Inter-Thin.ttf in Resources */,
				18792FF52CDCF94000893809 /* NotificationAssets.xcassets in Resources */,
				1873D6122CD0F0E30041F016 /* Inter-ExtraLight.ttf in Resources */,
			);
			runOnlyForDeploymentPostprocessing = 0;
		};
/* End PBXResourcesBuildPhase section */

/* Begin PBXSourcesBuildPhase section */
		1873D58F2CD0BB060041F016 /* Sources */ = {
			isa = PBXSourcesBuildPhase;
			buildActionMask = 2147483647;
			files = (
				1889468B2CD24DB8001B5585 /* CustomTextField.swift in Sources */,
				188045F32CDB567800475DA6 /* HomeViewModel.swift in Sources */,
				186F89422CD3599A008DFB42 /* ForgotPasswordModel.swift in Sources */,
				18AF00AD2CDE160D00BD122E /* PersonalDataView.swift in Sources */,
				1873D5AF2CD0BD200041F016 /* Image+Extension.swift in Sources */,
				186ED10F2CE21FF500645A5C /* SettingView.swift in Sources */,
				1875FEE62CDA217B002685AB /* ResetPasswordView.swift in Sources */,
				188045FD2CDB8BB300475DA6 /* ProductDetailView.swift in Sources */,
				188045F72CDB698E00475DA6 /* CategoryContent.swift in Sources */,
				188946942CD2625F001B5585 /* CreateAccountView .swift in Sources */,
				186F893D2CD34889008DFB42 /* ForgotPasswordViewModel.swift in Sources */,
				18792FF22CDCF8B300893809 /* NotificationTitleWithGridCell.swift in Sources */,
				18AF00A22CDE080900BD122E /* ProfileSettingCell.swift in Sources */,
				186ED1042CE1FDC800645A5C /* ImagePickerView.swift in Sources */,
				18E1804C2CE34D67007D1DEF /* CustomAlertView.swift in Sources */,
				188045F92CDB78CD00475DA6 /* FindCategoryCell.swift in Sources */,
				18792FEC2CDCF52000893809 /* NotificationViewModel.swift in Sources */,
				18792FD52CDCC2D800893809 /* ChatListView.swift in Sources */,
				186F89442CD3634A008DFB42 /* NavigationButton.swift in Sources */,
				18AF00A42CDE088800BD122E /* ProfileModel.swift in Sources */,
				186ED1192CE233CF00645A5C /* LanguageModel.swift in Sources */,
				188946892CD24198001B5585 /* UIApplication+Extension .swift in Sources */,
				1873D5B12CD0BD370041F016 /* ImageConstants.swift in Sources */,
				1889469B2CD2689F001B5585 /* CustomToggleButton.swift in Sources */,
				188045F52CDB697F00475DA6 /* Category.swift in Sources */,
				18AF00EE2CDE39AA00BD122E /* CustomPickerTextfield.swift in Sources */,
				186ED11F2CE23E0D00645A5C /* HelpCenterModel.swift in Sources */,
				186ED1172CE232D600645A5C /* SelectLanguageCell.swift in Sources */,
				188946822CD22E2B001B5585 /* LoginAccountView .swift in Sources */,
				18AF00B22CDE1A0200BD122E /* View+Extension.swift in Sources */,
				1875FEEF2CDA41CB002685AB /* MyTabBarView.swift in Sources */,
				18E1804E2CE35C9B007D1DEF /* CustomAlertModifier.swift in Sources */,
				18792FD72CDCCB7500893809 /* ChatCell.swift in Sources */,
				18AF00962CDDDFF300BD122E /* ProfileSettingView.swift in Sources */,
				18DA96102CDC942000E95748 /* CustomBackButton.swift in Sources */,
				188045FB2CDB790400475DA6 /* CategoryContentCell.swift in Sources */,
				186ED10B2CE2104900645A5C /* ProfileImageAndSelectionButton.swift in Sources */,
				18AF009C2CDDE6A400BD122E /* TabViewModel.swift in Sources */,
				1889468D2CD25498001B5585 /* PasswordTextField.swift in Sources */,
				188045EE2CDB3C0000475DA6 /* HomeView.swift in Sources */,
				186ED1132CE2295400645A5C /* PersonalDataViewModel.swift in Sources */,
				18B8DE572CE1D2FD0041567B /* DatePickerTextField.swift in Sources */,
				1873D5B52CD0D94F0041F016 /* OnboardingView.swift in Sources */,
				18792FE82CDCEFE900893809 /* NotificationModel.swift in Sources */,
				1873D5C92CD0EA410041F016 /* FontConstants .swift in Sources */,
				1875FEEA2CDA28DA002685AB /* PasswordChangedBottomSheetView.swift in Sources */,
				188946772CD208C7001B5585 /* CustomPager.swift in Sources */,
				18AF00B02CDE19D000BD122E /* CustomNavigationModifier.swift in Sources */,
				18792FE62CDCEB5100893809 /* NotificationView.swift in Sources */,
				186F89482CD38340008DFB42 /* EmailVerificationViewModel.swift in Sources */,
				1889468F2CD26020001B5585 /* LoginAccountViewModel .swift in Sources */,
				186ED11D2CE23D2400645A5C /* HelpCenterViewModel.swift in Sources */,
				1889467B2CD2296C001B5585 /* OnboardingViewModel.swift in Sources */,
				1873D5AB2CD0BCC80041F016 /* Color+Extension.swift in Sources */,
				18AF00A62CDE09A100BD122E /* ProfileViewModel.swift in Sources */,
				1875FEEC2CDA2B7C002685AB /* OTPView.swift in Sources */,
				18AF00992CDDE66100BD122E /* TabModel.swift in Sources */,
				186F89462CD382DE008DFB42 /* EmailVerificationView.swift in Sources */,
				1875FEE82CDA2457002685AB /* ResetPasswordViewViewModel.swift in Sources */,
				188946872CD23FF8001B5585 /* CustomButton.swift in Sources */,
				18AF009E2CDDEFD500BD122E /* CustomDevider.swift in Sources */,
				186ED1092CE207AF00645A5C /* ImagePickerButton.swift in Sources */,
				18792FDA2CDCCC5D00893809 /* ChatModel.swift in Sources */,
				1873D5972CD0BB060041F016 /* FoodDeliveryApp.swift in Sources */,
				186ED11B2CE23B0C00645A5C /* HelperCenterView.swift in Sources */,
				1873D5CB2CD0EB790041F016 /* Font+Extension.swift in Sources */,
				186ED1112CE2292100645A5C /* SelectLanguageView.swift in Sources */,
				18792FEA2CDCF0FD00893809 /* NotificationCell.swift in Sources */,
				188946962CD262E1001B5585 /* CreateAccountViewModel.swift in Sources */,
				18AF00A82CDE0DCE00BD122E /* ProfileSectionCell.swift in Sources */,
				18DA960C2CDC906D00E95748 /* BlurView.swift in Sources */,
				18DA96142CDCA09900E95748 /* PaymentView.swift in Sources */,
				186F893B2CD3464F008DFB42 /* ForgotPasswordView.swift in Sources */,
				186F893F2CD34B59008DFB42 /* ForgotPasswordBottomSheetView.swift in Sources */,
				18792FDD2CDCCC7A00893809 /* ChatViewModel.swift in Sources */,
				1873D5AD2CD0BCEB0041F016 /* ColorConstants.swift in Sources */,
				186ED1152CE22A3D00645A5C /* SettingDataViewModel.swift in Sources */,
			);
			runOnlyForDeploymentPostprocessing = 0;
		};
/* End PBXSourcesBuildPhase section */

/* Begin XCBuildConfiguration section */
		1873D59F2CD0BB0C0041F016 /* Debug */ = {
			isa = XCBuildConfiguration;
			buildSettings = {
				ALWAYS_SEARCH_USER_PATHS = NO;
				CLANG_ANALYZER_NONNULL = YES;
				CLANG_ANALYZER_NUMBER_OBJECT_CONVERSION = YES_AGGRESSIVE;
				CLANG_CXX_LANGUAGE_STANDARD = "gnu++20";
				CLANG_ENABLE_MODULES = YES;
				CLANG_ENABLE_OBJC_ARC = YES;
				CLANG_ENABLE_OBJC_WEAK = YES;
				CLANG_WARN_BLOCK_CAPTURE_AUTORELEASING = YES;
				CLANG_WARN_BOOL_CONVERSION = YES;
				CLANG_WARN_COMMA = YES;
				CLANG_WARN_CONSTANT_CONVERSION = YES;
				CLANG_WARN_DEPRECATED_OBJC_IMPLEMENTATIONS = YES;
				CLANG_WARN_DIRECT_OBJC_ISA_USAGE = YES_ERROR;
				CLANG_WARN_DOCUMENTATION_COMMENTS = YES;
				CLANG_WARN_EMPTY_BODY = YES;
				CLANG_WARN_ENUM_CONVERSION = YES;
				CLANG_WARN_INFINITE_RECURSION = YES;
				CLANG_WARN_INT_CONVERSION = YES;
				CLANG_WARN_NON_LITERAL_NULL_CONVERSION = YES;
				CLANG_WARN_OBJC_IMPLICIT_RETAIN_SELF = YES;
				CLANG_WARN_OBJC_LITERAL_CONVERSION = YES;
				CLANG_WARN_OBJC_ROOT_CLASS = YES_ERROR;
				CLANG_WARN_QUOTED_INCLUDE_IN_FRAMEWORK_HEADER = YES;
				CLANG_WARN_RANGE_LOOP_ANALYSIS = YES;
				CLANG_WARN_STRICT_PROTOTYPES = YES;
				CLANG_WARN_SUSPICIOUS_MOVE = YES;
				CLANG_WARN_UNGUARDED_AVAILABILITY = YES_AGGRESSIVE;
				CLANG_WARN_UNREACHABLE_CODE = YES;
				CLANG_WARN__DUPLICATE_METHOD_MATCH = YES;
				COPY_PHASE_STRIP = NO;
				DEBUG_INFORMATION_FORMAT = dwarf;
				ENABLE_STRICT_OBJC_MSGSEND = YES;
				ENABLE_TESTABILITY = YES;
				GCC_C_LANGUAGE_STANDARD = gnu11;
				GCC_DYNAMIC_NO_PIC = NO;
				GCC_NO_COMMON_BLOCKS = YES;
				GCC_OPTIMIZATION_LEVEL = 0;
				GCC_PREPROCESSOR_DEFINITIONS = (
					"DEBUG=1",
					"$(inherited)",
				);
				GCC_WARN_64_TO_32_BIT_CONVERSION = YES;
				GCC_WARN_ABOUT_RETURN_TYPE = YES_ERROR;
				GCC_WARN_UNDECLARED_SELECTOR = YES;
				GCC_WARN_UNINITIALIZED_AUTOS = YES_AGGRESSIVE;
				GCC_WARN_UNUSED_FUNCTION = YES;
				GCC_WARN_UNUSED_VARIABLE = YES;
				IPHONEOS_DEPLOYMENT_TARGET = 16.2;
				MTL_ENABLE_DEBUG_INFO = INCLUDE_SOURCE;
				MTL_FAST_MATH = YES;
				ONLY_ACTIVE_ARCH = YES;
				SDKROOT = iphoneos;
				SWIFT_ACTIVE_COMPILATION_CONDITIONS = DEBUG;
				SWIFT_OPTIMIZATION_LEVEL = "-Onone";
			};
			name = Debug;
		};
		1873D5A02CD0BB0C0041F016 /* Release */ = {
			isa = XCBuildConfiguration;
			buildSettings = {
				ALWAYS_SEARCH_USER_PATHS = NO;
				CLANG_ANALYZER_NONNULL = YES;
				CLANG_ANALYZER_NUMBER_OBJECT_CONVERSION = YES_AGGRESSIVE;
				CLANG_CXX_LANGUAGE_STANDARD = "gnu++20";
				CLANG_ENABLE_MODULES = YES;
				CLANG_ENABLE_OBJC_ARC = YES;
				CLANG_ENABLE_OBJC_WEAK = YES;
				CLANG_WARN_BLOCK_CAPTURE_AUTORELEASING = YES;
				CLANG_WARN_BOOL_CONVERSION = YES;
				CLANG_WARN_COMMA = YES;
				CLANG_WARN_CONSTANT_CONVERSION = YES;
				CLANG_WARN_DEPRECATED_OBJC_IMPLEMENTATIONS = YES;
				CLANG_WARN_DIRECT_OBJC_ISA_USAGE = YES_ERROR;
				CLANG_WARN_DOCUMENTATION_COMMENTS = YES;
				CLANG_WARN_EMPTY_BODY = YES;
				CLANG_WARN_ENUM_CONVERSION = YES;
				CLANG_WARN_INFINITE_RECURSION = YES;
				CLANG_WARN_INT_CONVERSION = YES;
				CLANG_WARN_NON_LITERAL_NULL_CONVERSION = YES;
				CLANG_WARN_OBJC_IMPLICIT_RETAIN_SELF = YES;
				CLANG_WARN_OBJC_LITERAL_CONVERSION = YES;
				CLANG_WARN_OBJC_ROOT_CLASS = YES_ERROR;
				CLANG_WARN_QUOTED_INCLUDE_IN_FRAMEWORK_HEADER = YES;
				CLANG_WARN_RANGE_LOOP_ANALYSIS = YES;
				CLANG_WARN_STRICT_PROTOTYPES = YES;
				CLANG_WARN_SUSPICIOUS_MOVE = YES;
				CLANG_WARN_UNGUARDED_AVAILABILITY = YES_AGGRESSIVE;
				CLANG_WARN_UNREACHABLE_CODE = YES;
				CLANG_WARN__DUPLICATE_METHOD_MATCH = YES;
				COPY_PHASE_STRIP = NO;
				DEBUG_INFORMATION_FORMAT = "dwarf-with-dsym";
				ENABLE_NS_ASSERTIONS = NO;
				ENABLE_STRICT_OBJC_MSGSEND = YES;
				GCC_C_LANGUAGE_STANDARD = gnu11;
				GCC_NO_COMMON_BLOCKS = YES;
				GCC_WARN_64_TO_32_BIT_CONVERSION = YES;
				GCC_WARN_ABOUT_RETURN_TYPE = YES_ERROR;
				GCC_WARN_UNDECLARED_SELECTOR = YES;
				GCC_WARN_UNINITIALIZED_AUTOS = YES_AGGRESSIVE;
				GCC_WARN_UNUSED_FUNCTION = YES;
				GCC_WARN_UNUSED_VARIABLE = YES;
				IPHONEOS_DEPLOYMENT_TARGET = 16.2;
				MTL_ENABLE_DEBUG_INFO = NO;
				MTL_FAST_MATH = YES;
				SDKROOT = iphoneos;
				SWIFT_COMPILATION_MODE = wholemodule;
				SWIFT_OPTIMIZATION_LEVEL = "-O";
				VALIDATE_PRODUCT = YES;
			};
			name = Release;
		};
		1873D5A22CD0BB0C0041F016 /* Debug */ = {
			isa = XCBuildConfiguration;
			buildSettings = {
				ASSETCATALOG_COMPILER_APPICON_NAME = AppIcon;
				ASSETCATALOG_COMPILER_GLOBAL_ACCENT_COLOR_NAME = AccentColor;
				CODE_SIGN_STYLE = Automatic;
				CURRENT_PROJECT_VERSION = 1;
				DEVELOPMENT_ASSET_PATHS = "\"FoodDelivery/Preview Content\"";
				ENABLE_PREVIEWS = YES;
				GENERATE_INFOPLIST_FILE = YES;
				INFOPLIST_FILE = FoodDelivery/Info.plist;
				INFOPLIST_KEY_UIApplicationSceneManifest_Generation = YES;
				INFOPLIST_KEY_UIApplicationSupportsIndirectInputEvents = YES;
				INFOPLIST_KEY_UILaunchScreen_Generation = YES;
				INFOPLIST_KEY_UISupportedInterfaceOrientations_iPad = "UIInterfaceOrientationPortrait UIInterfaceOrientationPortraitUpsideDown UIInterfaceOrientationLandscapeLeft UIInterfaceOrientationLandscapeRight";
				INFOPLIST_KEY_UISupportedInterfaceOrientations_iPhone = "UIInterfaceOrientationPortrait UIInterfaceOrientationLandscapeLeft UIInterfaceOrientationLandscapeRight";
				LD_RUNPATH_SEARCH_PATHS = (
					"$(inherited)",
					"@executable_path/Frameworks",
				);
				MARKETING_VERSION = 1.0;
				PRODUCT_BUNDLE_IDENTIFIER = Vivek.FoodDelivery;
				PRODUCT_NAME = "$(TARGET_NAME)";
				SWIFT_EMIT_LOC_STRINGS = YES;
				SWIFT_VERSION = 5.0;
				TARGETED_DEVICE_FAMILY = "1,2";
			};
			name = Debug;
		};
		1873D5A32CD0BB0C0041F016 /* Release */ = {
			isa = XCBuildConfiguration;
			buildSettings = {
				ASSETCATALOG_COMPILER_APPICON_NAME = AppIcon;
				ASSETCATALOG_COMPILER_GLOBAL_ACCENT_COLOR_NAME = AccentColor;
				CODE_SIGN_STYLE = Automatic;
				CURRENT_PROJECT_VERSION = 1;
				DEVELOPMENT_ASSET_PATHS = "\"FoodDelivery/Preview Content\"";
				ENABLE_PREVIEWS = YES;
				GENERATE_INFOPLIST_FILE = YES;
				INFOPLIST_FILE = FoodDelivery/Info.plist;
				INFOPLIST_KEY_UIApplicationSceneManifest_Generation = YES;
				INFOPLIST_KEY_UIApplicationSupportsIndirectInputEvents = YES;
				INFOPLIST_KEY_UILaunchScreen_Generation = YES;
				INFOPLIST_KEY_UISupportedInterfaceOrientations_iPad = "UIInterfaceOrientationPortrait UIInterfaceOrientationPortraitUpsideDown UIInterfaceOrientationLandscapeLeft UIInterfaceOrientationLandscapeRight";
				INFOPLIST_KEY_UISupportedInterfaceOrientations_iPhone = "UIInterfaceOrientationPortrait UIInterfaceOrientationLandscapeLeft UIInterfaceOrientationLandscapeRight";
				LD_RUNPATH_SEARCH_PATHS = (
					"$(inherited)",
					"@executable_path/Frameworks",
				);
				MARKETING_VERSION = 1.0;
				PRODUCT_BUNDLE_IDENTIFIER = Vivek.FoodDelivery;
				PRODUCT_NAME = "$(TARGET_NAME)";
				SWIFT_EMIT_LOC_STRINGS = YES;
				SWIFT_VERSION = 5.0;
				TARGETED_DEVICE_FAMILY = "1,2";
			};
			name = Release;
		};
/* End XCBuildConfiguration section */

/* Begin XCConfigurationList section */
		1873D58E2CD0BB060041F016 /* Build configuration list for PBXProject "FoodDelivery" */ = {
			isa = XCConfigurationList;
			buildConfigurations = (
				1873D59F2CD0BB0C0041F016 /* Debug */,
				1873D5A02CD0BB0C0041F016 /* Release */,
			);
			defaultConfigurationIsVisible = 0;
			defaultConfigurationName = Release;
		};
		1873D5A12CD0BB0C0041F016 /* Build configuration list for PBXNativeTarget "FoodDelivery" */ = {
			isa = XCConfigurationList;
			buildConfigurations = (
				1873D5A22CD0BB0C0041F016 /* Debug */,
				1873D5A32CD0BB0C0041F016 /* Release */,
			);
			defaultConfigurationIsVisible = 0;
			defaultConfigurationName = Release;
		};
/* End XCConfigurationList section */
	};
	rootObject = 1873D58B2CD0BB060041F016 /* Project object */;
}
